// !$*UTF8*$!
{
	archiveVersion = 1;
	classes = {
	};
	objectVersion = 51;
	objects = {

/* Begin PBXBuildFile section */
		3D08C0767C4B37D84285974D /* Pods_Water_ReminderTests.framework in Frameworks */ = {isa = PBXBuildFile; fileRef = B93406ADDF341CB85601591D /* Pods_Water_ReminderTests.framework */; };
		7D3305887A190BE69BB10F4F /* Pods_Water_Reminder_Water_ReminderUITests.framework in Frameworks */ = {isa = PBXBuildFile; fileRef = 29E14C19340F5E19BD69D4A7 /* Pods_Water_Reminder_Water_ReminderUITests.framework */; };
		BC553063DC6D963C26352425 /* Pods_Water_Reminder.framework in Frameworks */ = {isa = PBXBuildFile; fileRef = 6AA6022EF89B742AA9339C56 /* Pods_Water_Reminder.framework */; };
		CA04B4F925F3A7A600F64F6D /* MainView.swift in Sources */ = {isa = PBXBuildFile; fileRef = CA04B4F825F3A7A600F64F6D /* MainView.swift */; };
		CA0BBFAD26CB040B006E5263 /* DaggerSquare.otf in Resources */ = {isa = PBXBuildFile; fileRef = CA0BBFAC26CB040B006E5263 /* DaggerSquare.otf */; };
		CA0BBFB626CE8774006E5263 /* DailyModeTitle.swift in Sources */ = {isa = PBXBuildFile; fileRef = CA0BBFB526CE8774006E5263 /* DailyModeTitle.swift */; };
		CA0BBFCE26CEC1A1006E5263 /* AddDrinkQuantity.swift in Sources */ = {isa = PBXBuildFile; fileRef = CA0BBFCD26CEC1A1006E5263 /* AddDrinkQuantity.swift */; };
		CA2195412673FEC9004340B3 /* DrinksModel.swift in Sources */ = {isa = PBXBuildFile; fileRef = CA2195402673FEC9004340B3 /* DrinksModel.swift */; };
		CA22605E25F3F56100EB4E32 /* MenuView.swift in Sources */ = {isa = PBXBuildFile; fileRef = CA22605D25F3F56100EB4E32 /* MenuView.swift */; };
		CA2A3FA226F7AA1700E3AE74 /* WaterCalculatorModel.swift in Sources */ = {isa = PBXBuildFile; fileRef = CA2A3FA126F7AA1700E3AE74 /* WaterCalculatorModel.swift */; };
		CA2A3FAB26F7AC1700E3AE74 /* CustomSelector.swift in Sources */ = {isa = PBXBuildFile; fileRef = CA2A3FAA26F7AC1700E3AE74 /* CustomSelector.swift */; };
		CA2A3FB026F7ACDC00E3AE74 /* CustomPicker.swift in Sources */ = {isa = PBXBuildFile; fileRef = CA2A3FAF26F7ACDC00E3AE74 /* CustomPicker.swift */; };
		CA2A3FB526F7AD3800E3AE74 /* CustomStepper.swift in Sources */ = {isa = PBXBuildFile; fileRef = CA2A3FB426F7AD3800E3AE74 /* CustomStepper.swift */; };
		CA3553E826CFDC640088D67C /* DrinksCarousel.swift in Sources */ = {isa = PBXBuildFile; fileRef = CA3553E726CFDC640088D67C /* DrinksCarousel.swift */; };
		CA42174D26D90F1100AA77C0 /* DataInputWaterCalculator.swift in Sources */ = {isa = PBXBuildFile; fileRef = CA42174C26D90F1100AA77C0 /* DataInputWaterCalculator.swift */; };
		CA42175526D90F2600AA77C0 /* CalculateButtons.swift in Sources */ = {isa = PBXBuildFile; fileRef = CA42175426D90F2600AA77C0 /* CalculateButtons.swift */; };
		CA42175A26D90F3200AA77C0 /* TotalWater.swift in Sources */ = {isa = PBXBuildFile; fileRef = CA42175926D90F3200AA77C0 /* TotalWater.swift */; };
		CA475B6625F50722000535D0 /* MenuModesModel.swift in Sources */ = {isa = PBXBuildFile; fileRef = CA475B6525F50722000535D0 /* MenuModesModel.swift */; };
		CA475B6F25F50B75000535D0 /* DailyModeView.swift in Sources */ = {isa = PBXBuildFile; fileRef = CA475B6E25F50B75000535D0 /* DailyModeView.swift */; };
		CA475B7425F50B81000535D0 /* WaterCalculatorView.swift in Sources */ = {isa = PBXBuildFile; fileRef = CA475B7325F50B81000535D0 /* WaterCalculatorView.swift */; };
		CA475B7925F50B91000535D0 /* DrinkAndRestView.swift in Sources */ = {isa = PBXBuildFile; fileRef = CA475B7825F50B91000535D0 /* DrinkAndRestView.swift */; };
		CA475B7E25F50B9F000535D0 /* StatisticsView.swift in Sources */ = {isa = PBXBuildFile; fileRef = CA475B7D25F50B9F000535D0 /* StatisticsView.swift */; };
		CA475B8325F50BAC000535D0 /* SettingsView.swift in Sources */ = {isa = PBXBuildFile; fileRef = CA475B8225F50BAC000535D0 /* SettingsView.swift */; };
		CA4FADE726C59BDC00FBD8E8 /* BubbleCollection.swift in Sources */ = {isa = PBXBuildFile; fileRef = CA4FADE626C59BDC00FBD8E8 /* BubbleCollection.swift */; };
		CA52C02726A4DC300055077A /* FirebaseViewModel.swift in Sources */ = {isa = PBXBuildFile; fileRef = CA52C02626A4DC300055077A /* FirebaseViewModel.swift */; };
		CA54790926C3EFC100744C3F /* ProgressBar.swift in Sources */ = {isa = PBXBuildFile; fileRef = CA54790826C3EFC100744C3F /* ProgressBar.swift */; };
		CA56718F26A04CB000B9504B /* AccountView.swift in Sources */ = {isa = PBXBuildFile; fileRef = CA56718E26A04CB000B9504B /* AccountView.swift */; };
		CA5BFCE1268E0E1000883ABC /* FigurasPersonalizadas.swift in Sources */ = {isa = PBXBuildFile; fileRef = CA5BFCE0268E0E1000883ABC /* FigurasPersonalizadas.swift */; };
		CA89494A26C9CA9D003FFACA /* DailyModePhases.swift in Sources */ = {isa = PBXBuildFile; fileRef = CA89494926C9CA9D003FFACA /* DailyModePhases.swift */; };
		CA8A563926C7062300AE2D90 /* WavesCollection.swift in Sources */ = {isa = PBXBuildFile; fileRef = CA8A563826C7062300AE2D90 /* WavesCollection.swift */; };
		CA8A564126C7065400AE2D90 /* WavesViewModel.swift in Sources */ = {isa = PBXBuildFile; fileRef = CA8A564026C7065400AE2D90 /* WavesViewModel.swift */; };
		CA8A564626C7068500AE2D90 /* WavesModel.swift in Sources */ = {isa = PBXBuildFile; fileRef = CA8A564526C7068500AE2D90 /* WavesModel.swift */; };
		CA8A565B26C7087000AE2D90 /* BubbleCollectionViewModel.swift in Sources */ = {isa = PBXBuildFile; fileRef = CA8A565A26C7087000AE2D90 /* BubbleCollectionViewModel.swift */; };
		CA8A566026C708D300AE2D90 /* BubbleModelAndViewModel.swift in Sources */ = {isa = PBXBuildFile; fileRef = CA8A565F26C708D300AE2D90 /* BubbleModelAndViewModel.swift */; };
		CA8A566826C708E900AE2D90 /* Bubble.swift in Sources */ = {isa = PBXBuildFile; fileRef = CA8A566726C708E900AE2D90 /* Bubble.swift */; };
		CA960B5126E7F3B2006D5136 /* Colors.xcassets in Resources */ = {isa = PBXBuildFile; fileRef = CA960B5026E7F3B2006D5136 /* Colors.xcassets */; };
		CA9FBD5B26A36F10007BC262 /* NewAcademy.ttf in Resources */ = {isa = PBXBuildFile; fileRef = CA9FBD5A26A36F10007BC262 /* NewAcademy.ttf */; };
		CAB2D6A3269F9EAE005199AB /* GoogleService-Info.plist in Resources */ = {isa = PBXBuildFile; fileRef = CAB2D6A2269F9EAE005199AB /* GoogleService-Info.plist */; };
		CABA84C126BDD17A003B38AA /* SelectButton.swift in Sources */ = {isa = PBXBuildFile; fileRef = CABA84C026BDD17A003B38AA /* SelectButton.swift */; };
		CABA84C726BDD2AE003B38AA /* QuantityButtons.swift in Sources */ = {isa = PBXBuildFile; fileRef = CABA84C626BDD2AE003B38AA /* QuantityButtons.swift */; };
		CABA84D326BDD404003B38AA /* AddWaterButton.swift in Sources */ = {isa = PBXBuildFile; fileRef = CABA84D226BDD404003B38AA /* AddWaterButton.swift */; };
		CABA84ED26C06FCD003B38AA /* DrinksButtons.swift in Sources */ = {isa = PBXBuildFile; fileRef = CABA84EC26C06FCD003B38AA /* DrinksButtons.swift */; };
		CABA850426C1C0C9003B38AA /* Profile.swift in Sources */ = {isa = PBXBuildFile; fileRef = CABA850326C1C0C9003B38AA /* Profile.swift */; };
		CABA850926C1C103003B38AA /* MenuModes.swift in Sources */ = {isa = PBXBuildFile; fileRef = CABA850826C1C103003B38AA /* MenuModes.swift */; };
		CABA850F26C1C1A7003B38AA /* MenuSection.swift in Sources */ = {isa = PBXBuildFile; fileRef = CABA850E26C1C1A7003B38AA /* MenuSection.swift */; };
		CABA851426C1C2F5003B38AA /* ManageAccount.swift in Sources */ = {isa = PBXBuildFile; fileRef = CABA851326C1C2F5003B38AA /* ManageAccount.swift */; };
		CABA853226C1E4E2003B38AA /* UserModel.swift in Sources */ = {isa = PBXBuildFile; fileRef = CABA853126C1E4E2003B38AA /* UserModel.swift */; };
		CAD71A4125F2B35A0041733A /* Water_ReminderApp.swift in Sources */ = {isa = PBXBuildFile; fileRef = CAD71A4025F2B35A0041733A /* Water_ReminderApp.swift */; };
		CAD71A4525F2B35C0041733A /* Assets.xcassets in Resources */ = {isa = PBXBuildFile; fileRef = CAD71A4425F2B35C0041733A /* Assets.xcassets */; };
		CAD71A4825F2B35C0041733A /* Preview Assets.xcassets in Resources */ = {isa = PBXBuildFile; fileRef = CAD71A4725F2B35C0041733A /* Preview Assets.xcassets */; };
		CAD71A5325F2B35D0041733A /* Water_ReminderTests.swift in Sources */ = {isa = PBXBuildFile; fileRef = CAD71A5225F2B35D0041733A /* Water_ReminderTests.swift */; };
		CAD71A5E25F2B35D0041733A /* Water_ReminderUITests.swift in Sources */ = {isa = PBXBuildFile; fileRef = CAD71A5D25F2B35D0041733A /* Water_ReminderUITests.swift */; };
/* End PBXBuildFile section */

/* Begin PBXContainerItemProxy section */
		CAD71A4F25F2B35D0041733A /* PBXContainerItemProxy */ = {
			isa = PBXContainerItemProxy;
			containerPortal = CAD71A3525F2B35A0041733A /* Project object */;
			proxyType = 1;
			remoteGlobalIDString = CAD71A3C25F2B35A0041733A;
			remoteInfo = "Water Reminder";
		};
		CAD71A5A25F2B35D0041733A /* PBXContainerItemProxy */ = {
			isa = PBXContainerItemProxy;
			containerPortal = CAD71A3525F2B35A0041733A /* Project object */;
			proxyType = 1;
			remoteGlobalIDString = CAD71A3C25F2B35A0041733A;
			remoteInfo = "Water Reminder";
		};
/* End PBXContainerItemProxy section */

/* Begin PBXFileReference section */
		116758173D78C6EEC6947ECF /* Pods-Water Reminder.debug.xcconfig */ = {isa = PBXFileReference; includeInIndex = 1; lastKnownFileType = text.xcconfig; name = "Pods-Water Reminder.debug.xcconfig"; path = "Target Support Files/Pods-Water Reminder/Pods-Water Reminder.debug.xcconfig"; sourceTree = "<group>"; };
		29E14C19340F5E19BD69D4A7 /* Pods_Water_Reminder_Water_ReminderUITests.framework */ = {isa = PBXFileReference; explicitFileType = wrapper.framework; includeInIndex = 0; path = Pods_Water_Reminder_Water_ReminderUITests.framework; sourceTree = BUILT_PRODUCTS_DIR; };
		6AA6022EF89B742AA9339C56 /* Pods_Water_Reminder.framework */ = {isa = PBXFileReference; explicitFileType = wrapper.framework; includeInIndex = 0; path = Pods_Water_Reminder.framework; sourceTree = BUILT_PRODUCTS_DIR; };
		80D961921C0C22530FCC551C /* Pods-Water ReminderTests.debug.xcconfig */ = {isa = PBXFileReference; includeInIndex = 1; lastKnownFileType = text.xcconfig; name = "Pods-Water ReminderTests.debug.xcconfig"; path = "Target Support Files/Pods-Water ReminderTests/Pods-Water ReminderTests.debug.xcconfig"; sourceTree = "<group>"; };
		B93406ADDF341CB85601591D /* Pods_Water_ReminderTests.framework */ = {isa = PBXFileReference; explicitFileType = wrapper.framework; includeInIndex = 0; path = Pods_Water_ReminderTests.framework; sourceTree = BUILT_PRODUCTS_DIR; };
		BCE85689672B49F0FBF5E8F4 /* Pods-Water Reminder.release.xcconfig */ = {isa = PBXFileReference; includeInIndex = 1; lastKnownFileType = text.xcconfig; name = "Pods-Water Reminder.release.xcconfig"; path = "Target Support Files/Pods-Water Reminder/Pods-Water Reminder.release.xcconfig"; sourceTree = "<group>"; };
		CA04B4F825F3A7A600F64F6D /* MainView.swift */ = {isa = PBXFileReference; lastKnownFileType = sourcecode.swift; path = MainView.swift; sourceTree = "<group>"; };
		CA0BBFAC26CB040B006E5263 /* DaggerSquare.otf */ = {isa = PBXFileReference; lastKnownFileType = file; path = DaggerSquare.otf; sourceTree = "<group>"; };
		CA0BBFB526CE8774006E5263 /* DailyModeTitle.swift */ = {isa = PBXFileReference; lastKnownFileType = sourcecode.swift; path = DailyModeTitle.swift; sourceTree = "<group>"; };
		CA0BBFCD26CEC1A1006E5263 /* AddDrinkQuantity.swift */ = {isa = PBXFileReference; lastKnownFileType = sourcecode.swift; path = AddDrinkQuantity.swift; sourceTree = "<group>"; };
		CA2195402673FEC9004340B3 /* DrinksModel.swift */ = {isa = PBXFileReference; lastKnownFileType = sourcecode.swift; path = DrinksModel.swift; sourceTree = "<group>"; };
		CA22605D25F3F56100EB4E32 /* MenuView.swift */ = {isa = PBXFileReference; lastKnownFileType = sourcecode.swift; path = MenuView.swift; sourceTree = "<group>"; };
		CA2A3FA126F7AA1700E3AE74 /* WaterCalculatorModel.swift */ = {isa = PBXFileReference; lastKnownFileType = sourcecode.swift; path = WaterCalculatorModel.swift; sourceTree = "<group>"; };
		CA2A3FAA26F7AC1700E3AE74 /* CustomSelector.swift */ = {isa = PBXFileReference; lastKnownFileType = sourcecode.swift; path = CustomSelector.swift; sourceTree = "<group>"; };
		CA2A3FAF26F7ACDC00E3AE74 /* CustomPicker.swift */ = {isa = PBXFileReference; lastKnownFileType = sourcecode.swift; path = CustomPicker.swift; sourceTree = "<group>"; };
		CA2A3FB426F7AD3800E3AE74 /* CustomStepper.swift */ = {isa = PBXFileReference; lastKnownFileType = sourcecode.swift; path = CustomStepper.swift; sourceTree = "<group>"; };
		CA3553E726CFDC640088D67C /* DrinksCarousel.swift */ = {isa = PBXFileReference; lastKnownFileType = sourcecode.swift; path = DrinksCarousel.swift; sourceTree = "<group>"; };
		CA42174C26D90F1100AA77C0 /* DataInputWaterCalculator.swift */ = {isa = PBXFileReference; lastKnownFileType = sourcecode.swift; path = DataInputWaterCalculator.swift; sourceTree = "<group>"; };
		CA42175426D90F2600AA77C0 /* CalculateButtons.swift */ = {isa = PBXFileReference; lastKnownFileType = sourcecode.swift; name = CalculateButtons.swift; path = "/Users/muqi/Desktop/Water Reminder (Todo)/Water Reminder/Water Reminder/Views/Modes and Settings/Water Calculator/Calculate Buttons/CalculateButtons.swift"; sourceTree = "<absolute>"; };
		CA42175926D90F3200AA77C0 /* TotalWater.swift */ = {isa = PBXFileReference; lastKnownFileType = sourcecode.swift; name = TotalWater.swift; path = "Water Reminder/Views/Modes and Settings/Water Calculator/Total Water/TotalWater.swift"; sourceTree = SOURCE_ROOT; };
		CA475B6525F50722000535D0 /* MenuModesModel.swift */ = {isa = PBXFileReference; lastKnownFileType = sourcecode.swift; path = MenuModesModel.swift; sourceTree = "<group>"; };
		CA475B6E25F50B75000535D0 /* DailyModeView.swift */ = {isa = PBXFileReference; lastKnownFileType = sourcecode.swift; path = DailyModeView.swift; sourceTree = "<group>"; };
		CA475B7325F50B81000535D0 /* WaterCalculatorView.swift */ = {isa = PBXFileReference; lastKnownFileType = sourcecode.swift; path = WaterCalculatorView.swift; sourceTree = "<group>"; };
		CA475B7825F50B91000535D0 /* DrinkAndRestView.swift */ = {isa = PBXFileReference; lastKnownFileType = sourcecode.swift; path = DrinkAndRestView.swift; sourceTree = "<group>"; };
		CA475B7D25F50B9F000535D0 /* StatisticsView.swift */ = {isa = PBXFileReference; lastKnownFileType = sourcecode.swift; name = StatisticsView.swift; path = "../New Group/StatisticsView.swift"; sourceTree = "<group>"; };
		CA475B8225F50BAC000535D0 /* SettingsView.swift */ = {isa = PBXFileReference; lastKnownFileType = sourcecode.swift; path = SettingsView.swift; sourceTree = "<group>"; };
		CA4FADE626C59BDC00FBD8E8 /* BubbleCollection.swift */ = {isa = PBXFileReference; lastKnownFileType = sourcecode.swift; name = BubbleCollection.swift; path = "Water Reminder/Views/Modes and Settings/Daily Mode/Progress Bar/Bubbles/BubbleCollection.swift"; sourceTree = SOURCE_ROOT; };
		CA52C02626A4DC300055077A /* FirebaseViewModel.swift */ = {isa = PBXFileReference; lastKnownFileType = sourcecode.swift; path = FirebaseViewModel.swift; sourceTree = "<group>"; };
		CA54790826C3EFC100744C3F /* ProgressBar.swift */ = {isa = PBXFileReference; lastKnownFileType = sourcecode.swift; path = ProgressBar.swift; sourceTree = "<group>"; };
		CA56718E26A04CB000B9504B /* AccountView.swift */ = {isa = PBXFileReference; lastKnownFileType = sourcecode.swift; path = AccountView.swift; sourceTree = "<group>"; };
		CA5BFCE0268E0E1000883ABC /* FigurasPersonalizadas.swift */ = {isa = PBXFileReference; lastKnownFileType = sourcecode.swift; path = FigurasPersonalizadas.swift; sourceTree = "<group>"; };
		CA89494926C9CA9D003FFACA /* DailyModePhases.swift */ = {isa = PBXFileReference; lastKnownFileType = sourcecode.swift; path = DailyModePhases.swift; sourceTree = "<group>"; };
		CA8A563826C7062300AE2D90 /* WavesCollection.swift */ = {isa = PBXFileReference; lastKnownFileType = sourcecode.swift; path = WavesCollection.swift; sourceTree = "<group>"; };
		CA8A564026C7065400AE2D90 /* WavesViewModel.swift */ = {isa = PBXFileReference; lastKnownFileType = sourcecode.swift; path = WavesViewModel.swift; sourceTree = "<group>"; };
		CA8A564526C7068500AE2D90 /* WavesModel.swift */ = {isa = PBXFileReference; lastKnownFileType = sourcecode.swift; path = WavesModel.swift; sourceTree = "<group>"; };
		CA8A565A26C7087000AE2D90 /* BubbleCollectionViewModel.swift */ = {isa = PBXFileReference; lastKnownFileType = sourcecode.swift; path = BubbleCollectionViewModel.swift; sourceTree = "<group>"; };
		CA8A565F26C708D300AE2D90 /* BubbleModelAndViewModel.swift */ = {isa = PBXFileReference; lastKnownFileType = sourcecode.swift; path = BubbleModelAndViewModel.swift; sourceTree = "<group>"; };
		CA8A566726C708E900AE2D90 /* Bubble.swift */ = {isa = PBXFileReference; lastKnownFileType = sourcecode.swift; path = Bubble.swift; sourceTree = "<group>"; };
		CA960B5026E7F3B2006D5136 /* Colors.xcassets */ = {isa = PBXFileReference; lastKnownFileType = folder.assetcatalog; path = Colors.xcassets; sourceTree = "<group>"; };
		CA9FBD5A26A36F10007BC262 /* NewAcademy.ttf */ = {isa = PBXFileReference; lastKnownFileType = file; path = NewAcademy.ttf; sourceTree = "<group>"; };
		CAB2D6A2269F9EAE005199AB /* GoogleService-Info.plist */ = {isa = PBXFileReference; fileEncoding = 4; lastKnownFileType = text.plist.xml; path = "GoogleService-Info.plist"; sourceTree = "<group>"; };
		CABA84C026BDD17A003B38AA /* SelectButton.swift */ = {isa = PBXFileReference; lastKnownFileType = sourcecode.swift; path = SelectButton.swift; sourceTree = "<group>"; };
		CABA84C626BDD2AE003B38AA /* QuantityButtons.swift */ = {isa = PBXFileReference; lastKnownFileType = sourcecode.swift; path = QuantityButtons.swift; sourceTree = "<group>"; };
		CABA84D226BDD404003B38AA /* AddWaterButton.swift */ = {isa = PBXFileReference; lastKnownFileType = sourcecode.swift; path = AddWaterButton.swift; sourceTree = "<group>"; };
		CABA84EC26C06FCD003B38AA /* DrinksButtons.swift */ = {isa = PBXFileReference; lastKnownFileType = sourcecode.swift; path = DrinksButtons.swift; sourceTree = "<group>"; };
		CABA850326C1C0C9003B38AA /* Profile.swift */ = {isa = PBXFileReference; lastKnownFileType = sourcecode.swift; path = Profile.swift; sourceTree = "<group>"; };
		CABA850826C1C103003B38AA /* MenuModes.swift */ = {isa = PBXFileReference; lastKnownFileType = sourcecode.swift; path = MenuModes.swift; sourceTree = "<group>"; };
		CABA850E26C1C1A7003B38AA /* MenuSection.swift */ = {isa = PBXFileReference; lastKnownFileType = sourcecode.swift; path = MenuSection.swift; sourceTree = "<group>"; };
		CABA851326C1C2F5003B38AA /* ManageAccount.swift */ = {isa = PBXFileReference; lastKnownFileType = sourcecode.swift; path = ManageAccount.swift; sourceTree = "<group>"; };
		CABA853126C1E4E2003B38AA /* UserModel.swift */ = {isa = PBXFileReference; lastKnownFileType = sourcecode.swift; path = UserModel.swift; sourceTree = "<group>"; };
		CAD71A3D25F2B35A0041733A /* Water Reminder.app */ = {isa = PBXFileReference; explicitFileType = wrapper.application; includeInIndex = 0; path = "Water Reminder.app"; sourceTree = BUILT_PRODUCTS_DIR; };
		CAD71A4025F2B35A0041733A /* Water_ReminderApp.swift */ = {isa = PBXFileReference; lastKnownFileType = sourcecode.swift; path = Water_ReminderApp.swift; sourceTree = "<group>"; };
		CAD71A4425F2B35C0041733A /* Assets.xcassets */ = {isa = PBXFileReference; lastKnownFileType = folder.assetcatalog; path = Assets.xcassets; sourceTree = "<group>"; };
		CAD71A4725F2B35C0041733A /* Preview Assets.xcassets */ = {isa = PBXFileReference; lastKnownFileType = folder.assetcatalog; path = "Preview Assets.xcassets"; sourceTree = "<group>"; };
		CAD71A4925F2B35C0041733A /* Info.plist */ = {isa = PBXFileReference; lastKnownFileType = text.plist.xml; name = Info.plist; path = "Water Reminder/Supporting Files/Info.plist"; sourceTree = SOURCE_ROOT; };
		CAD71A4E25F2B35D0041733A /* Water ReminderTests.xctest */ = {isa = PBXFileReference; explicitFileType = wrapper.cfbundle; includeInIndex = 0; path = "Water ReminderTests.xctest"; sourceTree = BUILT_PRODUCTS_DIR; };
		CAD71A5225F2B35D0041733A /* Water_ReminderTests.swift */ = {isa = PBXFileReference; lastKnownFileType = sourcecode.swift; path = Water_ReminderTests.swift; sourceTree = "<group>"; };
		CAD71A5425F2B35D0041733A /* Info.plist */ = {isa = PBXFileReference; lastKnownFileType = text.plist.xml; path = Info.plist; sourceTree = "<group>"; };
		CAD71A5925F2B35D0041733A /* Water ReminderUITests.xctest */ = {isa = PBXFileReference; explicitFileType = wrapper.cfbundle; includeInIndex = 0; path = "Water ReminderUITests.xctest"; sourceTree = BUILT_PRODUCTS_DIR; };
		CAD71A5D25F2B35D0041733A /* Water_ReminderUITests.swift */ = {isa = PBXFileReference; lastKnownFileType = sourcecode.swift; path = Water_ReminderUITests.swift; sourceTree = "<group>"; };
		CAD71A5F25F2B35D0041733A /* Info.plist */ = {isa = PBXFileReference; lastKnownFileType = text.plist.xml; path = Info.plist; sourceTree = "<group>"; };
		E8264384A2FAE43F452B2DD9 /* Pods-Water ReminderTests.release.xcconfig */ = {isa = PBXFileReference; includeInIndex = 1; lastKnownFileType = text.xcconfig; name = "Pods-Water ReminderTests.release.xcconfig"; path = "Target Support Files/Pods-Water ReminderTests/Pods-Water ReminderTests.release.xcconfig"; sourceTree = "<group>"; };
		F34DB8B671D95B435816419D /* Pods-Water Reminder-Water ReminderUITests.release.xcconfig */ = {isa = PBXFileReference; includeInIndex = 1; lastKnownFileType = text.xcconfig; name = "Pods-Water Reminder-Water ReminderUITests.release.xcconfig"; path = "Target Support Files/Pods-Water Reminder-Water ReminderUITests/Pods-Water Reminder-Water ReminderUITests.release.xcconfig"; sourceTree = "<group>"; };
		F715AD696D28FB110FCAD1BD /* Pods-Water Reminder-Water ReminderUITests.debug.xcconfig */ = {isa = PBXFileReference; includeInIndex = 1; lastKnownFileType = text.xcconfig; name = "Pods-Water Reminder-Water ReminderUITests.debug.xcconfig"; path = "Target Support Files/Pods-Water Reminder-Water ReminderUITests/Pods-Water Reminder-Water ReminderUITests.debug.xcconfig"; sourceTree = "<group>"; };
/* End PBXFileReference section */

/* Begin PBXFrameworksBuildPhase section */
		CAD71A3A25F2B35A0041733A /* Frameworks */ = {
			isa = PBXFrameworksBuildPhase;
			buildActionMask = 2147483647;
			files = (
				BC553063DC6D963C26352425 /* Pods_Water_Reminder.framework in Frameworks */,
			);
			runOnlyForDeploymentPostprocessing = 0;
		};
		CAD71A4B25F2B35D0041733A /* Frameworks */ = {
			isa = PBXFrameworksBuildPhase;
			buildActionMask = 2147483647;
			files = (
				3D08C0767C4B37D84285974D /* Pods_Water_ReminderTests.framework in Frameworks */,
			);
			runOnlyForDeploymentPostprocessing = 0;
		};
		CAD71A5625F2B35D0041733A /* Frameworks */ = {
			isa = PBXFrameworksBuildPhase;
			buildActionMask = 2147483647;
			files = (
				7D3305887A190BE69BB10F4F /* Pods_Water_Reminder_Water_ReminderUITests.framework in Frameworks */,
			);
			runOnlyForDeploymentPostprocessing = 0;
		};
/* End PBXFrameworksBuildPhase section */

/* Begin PBXGroup section */
		8E94AE35A13593220EAB43E9 /* Frameworks */ = {
			isa = PBXGroup;
			children = (
				6AA6022EF89B742AA9339C56 /* Pods_Water_Reminder.framework */,
				29E14C19340F5E19BD69D4A7 /* Pods_Water_Reminder_Water_ReminderUITests.framework */,
				B93406ADDF341CB85601591D /* Pods_Water_ReminderTests.framework */,
			);
			name = Frameworks;
			sourceTree = "<group>";
		};
		B6159EF50F07B16C7EE4AB05 /* Pods */ = {
			isa = PBXGroup;
			children = (
				116758173D78C6EEC6947ECF /* Pods-Water Reminder.debug.xcconfig */,
				BCE85689672B49F0FBF5E8F4 /* Pods-Water Reminder.release.xcconfig */,
				F715AD696D28FB110FCAD1BD /* Pods-Water Reminder-Water ReminderUITests.debug.xcconfig */,
				F34DB8B671D95B435816419D /* Pods-Water Reminder-Water ReminderUITests.release.xcconfig */,
				80D961921C0C22530FCC551C /* Pods-Water ReminderTests.debug.xcconfig */,
				E8264384A2FAE43F452B2DD9 /* Pods-Water ReminderTests.release.xcconfig */,
			);
			path = Pods;
			sourceTree = "<group>";
		};
		CA0BBFB426CE8756006E5263 /* Title */ = {
			isa = PBXGroup;
			children = (
				CA0BBFB526CE8774006E5263 /* DailyModeTitle.swift */,
			);
			path = Title;
			sourceTree = "<group>";
		};
		CA0BBFC626CEC037006E5263 /* Add Quantity View */ = {
			isa = PBXGroup;
			children = (
				CA0BBFCD26CEC1A1006E5263 /* AddDrinkQuantity.swift */,
				CABA84C526BDD278003B38AA /* Amount to Add & Quantity Buttons */,
				CABA84D126BDD3BC003B38AA /* Add Water Button */,
			);
			path = "Add Quantity View";
			sourceTree = "<group>";
		};
		CA2A3FA926F7ABE300E3AE74 /* Custom Data Input Views */ = {
			isa = PBXGroup;
			children = (
				CA2A3FAA26F7AC1700E3AE74 /* CustomSelector.swift */,
				CA2A3FAF26F7ACDC00E3AE74 /* CustomPicker.swift */,
				CA2A3FB426F7AD3800E3AE74 /* CustomStepper.swift */,
			);
			path = "Custom Data Input Views";
			sourceTree = "<group>";
		};
		CA42174926D90EB600AA77C0 /* Data Input Water Calculator */ = {
			isa = PBXGroup;
			children = (
				CA42174C26D90F1100AA77C0 /* DataInputWaterCalculator.swift */,
				CA2A3FA926F7ABE300E3AE74 /* Custom Data Input Views */,
			);
			path = "Data Input Water Calculator";
			sourceTree = "<group>";
		};
		CA42174A26D90ED800AA77C0 /* Calculate Buttons */ = {
			isa = PBXGroup;
			children = (
				CA42175426D90F2600AA77C0 /* CalculateButtons.swift */,
			);
			path = "Calculate Buttons";
			sourceTree = "<group>";
		};
		CA42174B26D90EF200AA77C0 /* Total Water */ = {
			isa = PBXGroup;
			children = (
				CA42175926D90F3200AA77C0 /* TotalWater.swift */,
			);
			path = "Total Water";
			sourceTree = "<group>";
		};
		CA475B6D25F50B5D000535D0 /* Modes and Settings */ = {
			isa = PBXGroup;
			children = (
				CABA84B426BDC87A003B38AA /* Daily Mode */,
				CABA84B526BDC888003B38AA /* Water Calculator */,
				CABA852C26C1E29E003B38AA /* DrinkAndRest */,
				CABA852326C1E286003B38AA /* Statistics */,
				CABA852226C1E27A003B38AA /* Settings */,
				CABA851B26C1E269003B38AA /* Account */,
			);
			path = "Modes and Settings";
			sourceTree = "<group>";
		};
		CA4FADE226C59BBB00FBD8E8 /* Bubbles */ = {
			isa = PBXGroup;
			children = (
				CA8A564D26C706DA00AE2D90 /* Bubble */,
				CA4FADE626C59BDC00FBD8E8 /* BubbleCollection.swift */,
				CA8A565A26C7087000AE2D90 /* BubbleCollectionViewModel.swift */,
			);
			path = Bubbles;
			sourceTree = "<group>";
		};
		CA54790726C3EF9C00744C3F /* Progress Bar */ = {
			isa = PBXGroup;
			children = (
				CA54790826C3EFC100744C3F /* ProgressBar.swift */,
				CA8A563726C705CA00AE2D90 /* Waves */,
				CA4FADE226C59BBB00FBD8E8 /* Bubbles */,
			);
			path = "Progress Bar";
			sourceTree = "<group>";
		};
		CA8A563726C705CA00AE2D90 /* Waves */ = {
			isa = PBXGroup;
			children = (
				CA8A564526C7068500AE2D90 /* WavesModel.swift */,
				CA8A563826C7062300AE2D90 /* WavesCollection.swift */,
				CA8A564026C7065400AE2D90 /* WavesViewModel.swift */,
			);
			path = Waves;
			sourceTree = "<group>";
		};
		CA8A564D26C706DA00AE2D90 /* Bubble */ = {
			isa = PBXGroup;
			children = (
				CA8A565F26C708D300AE2D90 /* BubbleModelAndViewModel.swift */,
				CA8A566726C708E900AE2D90 /* Bubble.swift */,
			);
			path = Bubble;
			sourceTree = "<group>";
		};
		CA960B4F26E7F385006D5136 /* Assets & Colors */ = {
			isa = PBXGroup;
			children = (
				CAD71A4425F2B35C0041733A /* Assets.xcassets */,
				CA960B5026E7F3B2006D5136 /* Colors.xcassets */,
			);
			path = "Assets & Colors";
			sourceTree = "<group>";
		};
		CABA84B226BDC847003B38AA /* Main Home */ = {
			isa = PBXGroup;
			children = (
				CA04B4F825F3A7A600F64F6D /* MainView.swift */,
			);
			path = "Main Home";
			sourceTree = "<group>";
		};
		CABA84B326BDC858003B38AA /* Menu */ = {
			isa = PBXGroup;
			children = (
				CA22605D25F3F56100EB4E32 /* MenuView.swift */,
				CABA850026C1C075003B38AA /* Profile */,
				CABA850226C1C09B003B38AA /* Modes */,
				CABA850126C1C082003B38AA /* Manage Account */,
			);
			path = Menu;
			sourceTree = "<group>";
		};
		CABA84B426BDC87A003B38AA /* Daily Mode */ = {
			isa = PBXGroup;
			children = (
				CA89494926C9CA9D003FFACA /* DailyModePhases.swift */,
				CA475B6E25F50B75000535D0 /* DailyModeView.swift */,
				CA0BBFB426CE8756006E5263 /* Title */,
				CA54790726C3EF9C00744C3F /* Progress Bar */,
				CABA84B926BDCD75003B38AA /* Select Drinks Button */,
				CABA84DA26C06DE9003B38AA /* Drinks Scroll View */,
				CA0BBFC626CEC037006E5263 /* Add Quantity View */,
			);
			path = "Daily Mode";
			sourceTree = "<group>";
		};
		CABA84B526BDC888003B38AA /* Water Calculator */ = {
			isa = PBXGroup;
			children = (
				CA2A3FA126F7AA1700E3AE74 /* WaterCalculatorModel.swift */,
				CA475B7325F50B81000535D0 /* WaterCalculatorView.swift */,
				CA42174926D90EB600AA77C0 /* Data Input Water Calculator */,
				CA42174A26D90ED800AA77C0 /* Calculate Buttons */,
				CA42174B26D90EF200AA77C0 /* Total Water */,
			);
			path = "Water Calculator";
			sourceTree = "<group>";
		};
		CABA84B926BDCD75003B38AA /* Select Drinks Button */ = {
			isa = PBXGroup;
			children = (
				CABA84C026BDD17A003B38AA /* SelectButton.swift */,
			);
			path = "Select Drinks Button";
			sourceTree = "<group>";
		};
		CABA84C526BDD278003B38AA /* Amount to Add & Quantity Buttons */ = {
			isa = PBXGroup;
			children = (
				CABA84C626BDD2AE003B38AA /* QuantityButtons.swift */,
			);
			path = "Amount to Add & Quantity Buttons";
			sourceTree = "<group>";
		};
		CABA84D126BDD3BC003B38AA /* Add Water Button */ = {
			isa = PBXGroup;
			children = (
				CABA84D226BDD404003B38AA /* AddWaterButton.swift */,
			);
			path = "Add Water Button";
			sourceTree = "<group>";
		};
		CABA84DA26C06DE9003B38AA /* Drinks Scroll View */ = {
			isa = PBXGroup;
			children = (
				CA2195402673FEC9004340B3 /* DrinksModel.swift */,
				CA3553E726CFDC640088D67C /* DrinksCarousel.swift */,
				CABA84FF26C07788003B38AA /* Drinks Buttons */,
			);
			path = "Drinks Scroll View";
			sourceTree = "<group>";
		};
		CABA84F526C07567003B38AA /* Utilities */ = {
			isa = PBXGroup;
			children = (
				CA5BFCE0268E0E1000883ABC /* FigurasPersonalizadas.swift */,
			);
			path = Utilities;
			sourceTree = "<group>";
		};
		CABA84F626C075DB003B38AA /* Supporting Files */ = {
			isa = PBXGroup;
			children = (
				CAD71A4925F2B35C0041733A /* Info.plist */,
				CABA84F926C0762B003B38AA /* Google Services */,
				CABA84F726C0761F003B38AA /* Fonts */,
			);
			path = "Supporting Files";
			sourceTree = "<group>";
		};
		CABA84F726C0761F003B38AA /* Fonts */ = {
			isa = PBXGroup;
			children = (
				CA0BBFAC26CB040B006E5263 /* DaggerSquare.otf */,
				CA9FBD5A26A36F10007BC262 /* NewAcademy.ttf */,
			);
			path = Fonts;
			sourceTree = "<group>";
		};
		CABA84F926C0762B003B38AA /* Google Services */ = {
			isa = PBXGroup;
			children = (
				CAB2D6A2269F9EAE005199AB /* GoogleService-Info.plist */,
			);
			path = "Google Services";
			sourceTree = "<group>";
		};
		CABA84FF26C07788003B38AA /* Drinks Buttons */ = {
			isa = PBXGroup;
			children = (
				CABA84EC26C06FCD003B38AA /* DrinksButtons.swift */,
			);
			path = "Drinks Buttons";
			sourceTree = "<group>";
		};
		CABA850026C1C075003B38AA /* Profile */ = {
			isa = PBXGroup;
			children = (
				CABA850326C1C0C9003B38AA /* Profile.swift */,
			);
			path = Profile;
			sourceTree = "<group>";
		};
		CABA850126C1C082003B38AA /* Manage Account */ = {
			isa = PBXGroup;
			children = (
				CABA851326C1C2F5003B38AA /* ManageAccount.swift */,
			);
			path = "Manage Account";
			sourceTree = "<group>";
		};
		CABA850226C1C09B003B38AA /* Modes */ = {
			isa = PBXGroup;
			children = (
				CA475B6525F50722000535D0 /* MenuModesModel.swift */,
				CABA850826C1C103003B38AA /* MenuModes.swift */,
				CABA850D26C1C169003B38AA /* Menu Section */,
			);
			path = Modes;
			sourceTree = "<group>";
		};
		CABA850D26C1C169003B38AA /* Menu Section */ = {
			isa = PBXGroup;
			children = (
				CABA850E26C1C1A7003B38AA /* MenuSection.swift */,
			);
			path = "Menu Section";
			sourceTree = "<group>";
		};
		CABA851B26C1E269003B38AA /* Account */ = {
			isa = PBXGroup;
			children = (
				CA56718E26A04CB000B9504B /* AccountView.swift */,
			);
			path = Account;
			sourceTree = "<group>";
		};
		CABA852226C1E27A003B38AA /* Settings */ = {
			isa = PBXGroup;
			children = (
				CA475B8225F50BAC000535D0 /* SettingsView.swift */,
			);
			path = Settings;
			sourceTree = "<group>";
		};
		CABA852326C1E286003B38AA /* Statistics */ = {
			isa = PBXGroup;
			children = (
				CA475B7D25F50B9F000535D0 /* StatisticsView.swift */,
			);
			path = Statistics;
			sourceTree = "<group>";
		};
		CABA852C26C1E29E003B38AA /* DrinkAndRest */ = {
			isa = PBXGroup;
			children = (
				CA475B7825F50B91000535D0 /* DrinkAndRestView.swift */,
			);
			path = DrinkAndRest;
			sourceTree = "<group>";
		};
		CABA852D26C1E2F0003B38AA /* Views */ = {
			isa = PBXGroup;
			children = (
				CABA84B226BDC847003B38AA /* Main Home */,
				CABA84B326BDC858003B38AA /* Menu */,
				CA475B6D25F50B5D000535D0 /* Modes and Settings */,
			);
			path = Views;
			sourceTree = "<group>";
		};
		CAD71A3425F2B35A0041733A = {
			isa = PBXGroup;
			children = (
				CAD71A3F25F2B35A0041733A /* Water Reminder */,
				CAD71A5125F2B35D0041733A /* Water ReminderTests */,
				CAD71A5C25F2B35D0041733A /* Water ReminderUITests */,
				CAD71A3E25F2B35A0041733A /* Products */,
				B6159EF50F07B16C7EE4AB05 /* Pods */,
				8E94AE35A13593220EAB43E9 /* Frameworks */,
			);
			sourceTree = "<group>";
		};
		CAD71A3E25F2B35A0041733A /* Products */ = {
			isa = PBXGroup;
			children = (
				CAD71A3D25F2B35A0041733A /* Water Reminder.app */,
				CAD71A4E25F2B35D0041733A /* Water ReminderTests.xctest */,
				CAD71A5925F2B35D0041733A /* Water ReminderUITests.xctest */,
			);
			name = Products;
			sourceTree = "<group>";
		};
		CAD71A3F25F2B35A0041733A /* Water Reminder */ = {
			isa = PBXGroup;
			children = (
				CAD71A4025F2B35A0041733A /* Water_ReminderApp.swift */,
				CAF37BF825F3B38400FD5060 /* FireBase */,
				CABA852D26C1E2F0003B38AA /* Views */,
				CABA84F526C07567003B38AA /* Utilities */,
				CABA84F626C075DB003B38AA /* Supporting Files */,
				CA960B4F26E7F385006D5136 /* Assets & Colors */,
				CAD71A4625F2B35C0041733A /* Preview Content */,
			);
			path = "Water Reminder";
			sourceTree = "<group>";
		};
		CAD71A4625F2B35C0041733A /* Preview Content */ = {
			isa = PBXGroup;
			children = (
				CAD71A4725F2B35C0041733A /* Preview Assets.xcassets */,
			);
			path = "Preview Content";
			sourceTree = "<group>";
		};
		CAD71A5125F2B35D0041733A /* Water ReminderTests */ = {
			isa = PBXGroup;
			children = (
				CAD71A5225F2B35D0041733A /* Water_ReminderTests.swift */,
				CAD71A5425F2B35D0041733A /* Info.plist */,
			);
			path = "Water ReminderTests";
			sourceTree = "<group>";
		};
		CAD71A5C25F2B35D0041733A /* Water ReminderUITests */ = {
			isa = PBXGroup;
			children = (
				CAD71A5D25F2B35D0041733A /* Water_ReminderUITests.swift */,
				CAD71A5F25F2B35D0041733A /* Info.plist */,
			);
			path = "Water ReminderUITests";
			sourceTree = "<group>";
		};
		CAF37BF825F3B38400FD5060 /* FireBase */ = {
			isa = PBXGroup;
			children = (
				CABA853126C1E4E2003B38AA /* UserModel.swift */,
				CA52C02626A4DC300055077A /* FirebaseViewModel.swift */,
			);
			path = FireBase;
			sourceTree = "<group>";
		};
/* End PBXGroup section */

/* Begin PBXNativeTarget section */
		CAD71A3C25F2B35A0041733A /* Water Reminder */ = {
			isa = PBXNativeTarget;
			buildConfigurationList = CAD71A6225F2B35D0041733A /* Build configuration list for PBXNativeTarget "Water Reminder" */;
			buildPhases = (
				C7C44A4F1C0BD4361BEFB5FA /* [CP] Check Pods Manifest.lock */,
				CAD71A3925F2B35A0041733A /* Sources */,
				CAD71A3A25F2B35A0041733A /* Frameworks */,
				CAD71A3B25F2B35A0041733A /* Resources */,
				3F1D70C340C515A0F9802027 /* [CP] Embed Pods Frameworks */,
			);
			buildRules = (
			);
			dependencies = (
			);
			name = "Water Reminder";
			productName = "Water Reminder";
			productReference = CAD71A3D25F2B35A0041733A /* Water Reminder.app */;
			productType = "com.apple.product-type.application";
		};
		CAD71A4D25F2B35D0041733A /* Water ReminderTests */ = {
			isa = PBXNativeTarget;
			buildConfigurationList = CAD71A6525F2B35D0041733A /* Build configuration list for PBXNativeTarget "Water ReminderTests" */;
			buildPhases = (
				B727A5E056E3003C1F588B35 /* [CP] Check Pods Manifest.lock */,
				CAD71A4A25F2B35D0041733A /* Sources */,
				CAD71A4B25F2B35D0041733A /* Frameworks */,
				CAD71A4C25F2B35D0041733A /* Resources */,
			);
			buildRules = (
			);
			dependencies = (
				CAD71A5025F2B35D0041733A /* PBXTargetDependency */,
			);
			name = "Water ReminderTests";
			productName = "Water ReminderTests";
			productReference = CAD71A4E25F2B35D0041733A /* Water ReminderTests.xctest */;
			productType = "com.apple.product-type.bundle.unit-test";
		};
		CAD71A5825F2B35D0041733A /* Water ReminderUITests */ = {
			isa = PBXNativeTarget;
			buildConfigurationList = CAD71A6825F2B35D0041733A /* Build configuration list for PBXNativeTarget "Water ReminderUITests" */;
			buildPhases = (
				3BDF84BF879C761DB5C92140 /* [CP] Check Pods Manifest.lock */,
				CAD71A5525F2B35D0041733A /* Sources */,
				CAD71A5625F2B35D0041733A /* Frameworks */,
				CAD71A5725F2B35D0041733A /* Resources */,
				EF53153BECEEF064DC48ADCE /* [CP] Embed Pods Frameworks */,
			);
			buildRules = (
			);
			dependencies = (
				CAD71A5B25F2B35D0041733A /* PBXTargetDependency */,
			);
			name = "Water ReminderUITests";
			productName = "Water ReminderUITests";
			productReference = CAD71A5925F2B35D0041733A /* Water ReminderUITests.xctest */;
			productType = "com.apple.product-type.bundle.ui-testing";
		};
/* End PBXNativeTarget section */

/* Begin PBXProject section */
		CAD71A3525F2B35A0041733A /* Project object */ = {
			isa = PBXProject;
			attributes = {
				LastSwiftUpdateCheck = 1230;
				LastUpgradeCheck = 1230;
				TargetAttributes = {
					CAD71A3C25F2B35A0041733A = {
						CreatedOnToolsVersion = 12.3;
					};
					CAD71A4D25F2B35D0041733A = {
						CreatedOnToolsVersion = 12.3;
						TestTargetID = CAD71A3C25F2B35A0041733A;
					};
					CAD71A5825F2B35D0041733A = {
						CreatedOnToolsVersion = 12.3;
						TestTargetID = CAD71A3C25F2B35A0041733A;
					};
				};
			};
			buildConfigurationList = CAD71A3825F2B35A0041733A /* Build configuration list for PBXProject "Water Reminder" */;
			compatibilityVersion = "Xcode 9.3";
			developmentRegion = en;
			hasScannedForEncodings = 0;
			knownRegions = (
				en,
				Base,
			);
			mainGroup = CAD71A3425F2B35A0041733A;
			productRefGroup = CAD71A3E25F2B35A0041733A /* Products */;
			projectDirPath = "";
			projectRoot = "";
			targets = (
				CAD71A3C25F2B35A0041733A /* Water Reminder */,
				CAD71A4D25F2B35D0041733A /* Water ReminderTests */,
				CAD71A5825F2B35D0041733A /* Water ReminderUITests */,
			);
		};
/* End PBXProject section */

/* Begin PBXResourcesBuildPhase section */
		CAD71A3B25F2B35A0041733A /* Resources */ = {
			isa = PBXResourcesBuildPhase;
			buildActionMask = 2147483647;
			files = (
				CA0BBFAD26CB040B006E5263 /* DaggerSquare.otf in Resources */,
				CAD71A4825F2B35C0041733A /* Preview Assets.xcassets in Resources */,
				CAD71A4525F2B35C0041733A /* Assets.xcassets in Resources */,
				CA960B5126E7F3B2006D5136 /* Colors.xcassets in Resources */,
				CAB2D6A3269F9EAE005199AB /* GoogleService-Info.plist in Resources */,
				CA9FBD5B26A36F10007BC262 /* NewAcademy.ttf in Resources */,
			);
			runOnlyForDeploymentPostprocessing = 0;
		};
		CAD71A4C25F2B35D0041733A /* Resources */ = {
			isa = PBXResourcesBuildPhase;
			buildActionMask = 2147483647;
			files = (
			);
			runOnlyForDeploymentPostprocessing = 0;
		};
		CAD71A5725F2B35D0041733A /* Resources */ = {
			isa = PBXResourcesBuildPhase;
			buildActionMask = 2147483647;
			files = (
			);
			runOnlyForDeploymentPostprocessing = 0;
		};
/* End PBXResourcesBuildPhase section */

/* Begin PBXShellScriptBuildPhase section */
		3BDF84BF879C761DB5C92140 /* [CP] Check Pods Manifest.lock */ = {
			isa = PBXShellScriptBuildPhase;
			buildActionMask = 2147483647;
			files = (
			);
			inputFileListPaths = (
			);
			inputPaths = (
				"${PODS_PODFILE_DIR_PATH}/Podfile.lock",
				"${PODS_ROOT}/Manifest.lock",
			);
			name = "[CP] Check Pods Manifest.lock";
			outputFileListPaths = (
			);
			outputPaths = (
				"$(DERIVED_FILE_DIR)/Pods-Water Reminder-Water ReminderUITests-checkManifestLockResult.txt",
			);
			runOnlyForDeploymentPostprocessing = 0;
			shellPath = /bin/sh;
			shellScript = "diff \"${PODS_PODFILE_DIR_PATH}/Podfile.lock\" \"${PODS_ROOT}/Manifest.lock\" > /dev/null\nif [ $? != 0 ] ; then\n    # print error to STDERR\n    echo \"error: The sandbox is not in sync with the Podfile.lock. Run 'pod install' or update your CocoaPods installation.\" >&2\n    exit 1\nfi\n# This output is used by Xcode 'outputs' to avoid re-running this script phase.\necho \"SUCCESS\" > \"${SCRIPT_OUTPUT_FILE_0}\"\n";
			showEnvVarsInLog = 0;
		};
		3F1D70C340C515A0F9802027 /* [CP] Embed Pods Frameworks */ = {
			isa = PBXShellScriptBuildPhase;
			buildActionMask = 2147483647;
			files = (
			);
			inputFileListPaths = (
				"${PODS_ROOT}/Target Support Files/Pods-Water Reminder/Pods-Water Reminder-frameworks-${CONFIGURATION}-input-files.xcfilelist",
			);
			name = "[CP] Embed Pods Frameworks";
			outputFileListPaths = (
				"${PODS_ROOT}/Target Support Files/Pods-Water Reminder/Pods-Water Reminder-frameworks-${CONFIGURATION}-output-files.xcfilelist",
			);
			runOnlyForDeploymentPostprocessing = 0;
			shellPath = /bin/sh;
			shellScript = "\"${PODS_ROOT}/Target Support Files/Pods-Water Reminder/Pods-Water Reminder-frameworks.sh\"\n";
			showEnvVarsInLog = 0;
		};
		B727A5E056E3003C1F588B35 /* [CP] Check Pods Manifest.lock */ = {
			isa = PBXShellScriptBuildPhase;
			buildActionMask = 2147483647;
			files = (
			);
			inputFileListPaths = (
			);
			inputPaths = (
				"${PODS_PODFILE_DIR_PATH}/Podfile.lock",
				"${PODS_ROOT}/Manifest.lock",
			);
			name = "[CP] Check Pods Manifest.lock";
			outputFileListPaths = (
			);
			outputPaths = (
				"$(DERIVED_FILE_DIR)/Pods-Water ReminderTests-checkManifestLockResult.txt",
			);
			runOnlyForDeploymentPostprocessing = 0;
			shellPath = /bin/sh;
			shellScript = "diff \"${PODS_PODFILE_DIR_PATH}/Podfile.lock\" \"${PODS_ROOT}/Manifest.lock\" > /dev/null\nif [ $? != 0 ] ; then\n    # print error to STDERR\n    echo \"error: The sandbox is not in sync with the Podfile.lock. Run 'pod install' or update your CocoaPods installation.\" >&2\n    exit 1\nfi\n# This output is used by Xcode 'outputs' to avoid re-running this script phase.\necho \"SUCCESS\" > \"${SCRIPT_OUTPUT_FILE_0}\"\n";
			showEnvVarsInLog = 0;
		};
		C7C44A4F1C0BD4361BEFB5FA /* [CP] Check Pods Manifest.lock */ = {
			isa = PBXShellScriptBuildPhase;
			buildActionMask = 2147483647;
			files = (
			);
			inputFileListPaths = (
			);
			inputPaths = (
				"${PODS_PODFILE_DIR_PATH}/Podfile.lock",
				"${PODS_ROOT}/Manifest.lock",
			);
			name = "[CP] Check Pods Manifest.lock";
			outputFileListPaths = (
			);
			outputPaths = (
				"$(DERIVED_FILE_DIR)/Pods-Water Reminder-checkManifestLockResult.txt",
			);
			runOnlyForDeploymentPostprocessing = 0;
			shellPath = /bin/sh;
			shellScript = "diff \"${PODS_PODFILE_DIR_PATH}/Podfile.lock\" \"${PODS_ROOT}/Manifest.lock\" > /dev/null\nif [ $? != 0 ] ; then\n    # print error to STDERR\n    echo \"error: The sandbox is not in sync with the Podfile.lock. Run 'pod install' or update your CocoaPods installation.\" >&2\n    exit 1\nfi\n# This output is used by Xcode 'outputs' to avoid re-running this script phase.\necho \"SUCCESS\" > \"${SCRIPT_OUTPUT_FILE_0}\"\n";
			showEnvVarsInLog = 0;
		};
		EF53153BECEEF064DC48ADCE /* [CP] Embed Pods Frameworks */ = {
			isa = PBXShellScriptBuildPhase;
			buildActionMask = 2147483647;
			files = (
			);
			inputFileListPaths = (
				"${PODS_ROOT}/Target Support Files/Pods-Water Reminder-Water ReminderUITests/Pods-Water Reminder-Water ReminderUITests-frameworks-${CONFIGURATION}-input-files.xcfilelist",
			);
			name = "[CP] Embed Pods Frameworks";
			outputFileListPaths = (
				"${PODS_ROOT}/Target Support Files/Pods-Water Reminder-Water ReminderUITests/Pods-Water Reminder-Water ReminderUITests-frameworks-${CONFIGURATION}-output-files.xcfilelist",
			);
			runOnlyForDeploymentPostprocessing = 0;
			shellPath = /bin/sh;
			shellScript = "\"${PODS_ROOT}/Target Support Files/Pods-Water Reminder-Water ReminderUITests/Pods-Water Reminder-Water ReminderUITests-frameworks.sh\"\n";
			showEnvVarsInLog = 0;
		};
/* End PBXShellScriptBuildPhase section */

/* Begin PBXSourcesBuildPhase section */
		CAD71A3925F2B35A0041733A /* Sources */ = {
			isa = PBXSourcesBuildPhase;
			buildActionMask = 2147483647;
			files = (
				CA8A565B26C7087000AE2D90 /* BubbleCollectionViewModel.swift in Sources */,
				CA8A566026C708D300AE2D90 /* BubbleModelAndViewModel.swift in Sources */,
				CA52C02726A4DC300055077A /* FirebaseViewModel.swift in Sources */,
				CA475B7425F50B81000535D0 /* WaterCalculatorView.swift in Sources */,
				CA8A564626C7068500AE2D90 /* WavesModel.swift in Sources */,
				CA22605E25F3F56100EB4E32 /* MenuView.swift in Sources */,
				CABA84D326BDD404003B38AA /* AddWaterButton.swift in Sources */,
				CA475B6F25F50B75000535D0 /* DailyModeView.swift in Sources */,
				CA54790926C3EFC100744C3F /* ProgressBar.swift in Sources */,
				CA2A3FB026F7ACDC00E3AE74 /* CustomPicker.swift in Sources */,
				CA8A566826C708E900AE2D90 /* Bubble.swift in Sources */,
				CA475B7E25F50B9F000535D0 /* StatisticsView.swift in Sources */,
				CA5BFCE1268E0E1000883ABC /* FigurasPersonalizadas.swift in Sources */,
				CA2195412673FEC9004340B3 /* DrinksModel.swift in Sources */,
				CA475B8325F50BAC000535D0 /* SettingsView.swift in Sources */,
				CA0BBFB626CE8774006E5263 /* DailyModeTitle.swift in Sources */,
				CABA853226C1E4E2003B38AA /* UserModel.swift in Sources */,
				CA04B4F925F3A7A600F64F6D /* MainView.swift in Sources */,
				CA0BBFCE26CEC1A1006E5263 /* AddDrinkQuantity.swift in Sources */,
				CA2A3FA226F7AA1700E3AE74 /* WaterCalculatorModel.swift in Sources */,
				CA8A564126C7065400AE2D90 /* WavesViewModel.swift in Sources */,
				CAD71A4125F2B35A0041733A /* Water_ReminderApp.swift in Sources */,
				CA42175526D90F2600AA77C0 /* CalculateButtons.swift in Sources */,
				CABA850F26C1C1A7003B38AA /* MenuSection.swift in Sources */,
				CABA84C726BDD2AE003B38AA /* QuantityButtons.swift in Sources */,
				CA475B7925F50B91000535D0 /* DrinkAndRestView.swift in Sources */,
				CA3553E826CFDC640088D67C /* DrinksCarousel.swift in Sources */,
				CA2A3FAB26F7AC1700E3AE74 /* CustomSelector.swift in Sources */,
				CABA850926C1C103003B38AA /* MenuModes.swift in Sources */,
				CA56718F26A04CB000B9504B /* AccountView.swift in Sources */,
				CA4FADE726C59BDC00FBD8E8 /* BubbleCollection.swift in Sources */,
				CA42175A26D90F3200AA77C0 /* TotalWater.swift in Sources */,
				CA475B6625F50722000535D0 /* MenuModesModel.swift in Sources */,
				CABA850426C1C0C9003B38AA /* Profile.swift in Sources */,
				CABA84C126BDD17A003B38AA /* SelectButton.swift in Sources */,
				CA42174D26D90F1100AA77C0 /* DataInputWaterCalculator.swift in Sources */,
				CABA84ED26C06FCD003B38AA /* DrinksButtons.swift in Sources */,
				CA2A3FB526F7AD3800E3AE74 /* CustomStepper.swift in Sources */,
				CA8A563926C7062300AE2D90 /* WavesCollection.swift in Sources */,
				CA89494A26C9CA9D003FFACA /* DailyModePhases.swift in Sources */,
				CABA851426C1C2F5003B38AA /* ManageAccount.swift in Sources */,
			);
			runOnlyForDeploymentPostprocessing = 0;
		};
		CAD71A4A25F2B35D0041733A /* Sources */ = {
			isa = PBXSourcesBuildPhase;
			buildActionMask = 2147483647;
			files = (
				CAD71A5325F2B35D0041733A /* Water_ReminderTests.swift in Sources */,
			);
			runOnlyForDeploymentPostprocessing = 0;
		};
		CAD71A5525F2B35D0041733A /* Sources */ = {
			isa = PBXSourcesBuildPhase;
			buildActionMask = 2147483647;
			files = (
				CAD71A5E25F2B35D0041733A /* Water_ReminderUITests.swift in Sources */,
			);
			runOnlyForDeploymentPostprocessing = 0;
		};
/* End PBXSourcesBuildPhase section */

/* Begin PBXTargetDependency section */
		CAD71A5025F2B35D0041733A /* PBXTargetDependency */ = {
			isa = PBXTargetDependency;
			target = CAD71A3C25F2B35A0041733A /* Water Reminder */;
			targetProxy = CAD71A4F25F2B35D0041733A /* PBXContainerItemProxy */;
		};
		CAD71A5B25F2B35D0041733A /* PBXTargetDependency */ = {
			isa = PBXTargetDependency;
			target = CAD71A3C25F2B35A0041733A /* Water Reminder */;
			targetProxy = CAD71A5A25F2B35D0041733A /* PBXContainerItemProxy */;
		};
/* End PBXTargetDependency section */

/* Begin XCBuildConfiguration section */
		CAD71A6025F2B35D0041733A /* Debug */ = {
			isa = XCBuildConfiguration;
			buildSettings = {
				ALWAYS_SEARCH_USER_PATHS = NO;
				CLANG_ANALYZER_NONNULL = YES;
				CLANG_ANALYZER_NUMBER_OBJECT_CONVERSION = YES_AGGRESSIVE;
				CLANG_CXX_LANGUAGE_STANDARD = "gnu++14";
				CLANG_CXX_LIBRARY = "libc++";
				CLANG_ENABLE_MODULES = YES;
				CLANG_ENABLE_OBJC_ARC = YES;
				CLANG_ENABLE_OBJC_WEAK = YES;
				CLANG_WARN_BLOCK_CAPTURE_AUTORELEASING = YES;
				CLANG_WARN_BOOL_CONVERSION = YES;
				CLANG_WARN_COMMA = YES;
				CLANG_WARN_CONSTANT_CONVERSION = YES;
				CLANG_WARN_DEPRECATED_OBJC_IMPLEMENTATIONS = YES;
				CLANG_WARN_DIRECT_OBJC_ISA_USAGE = YES_ERROR;
				CLANG_WARN_DOCUMENTATION_COMMENTS = YES;
				CLANG_WARN_EMPTY_BODY = YES;
				CLANG_WARN_ENUM_CONVERSION = YES;
				CLANG_WARN_INFINITE_RECURSION = YES;
				CLANG_WARN_INT_CONVERSION = YES;
				CLANG_WARN_NON_LITERAL_NULL_CONVERSION = YES;
				CLANG_WARN_OBJC_IMPLICIT_RETAIN_SELF = YES;
				CLANG_WARN_OBJC_LITERAL_CONVERSION = YES;
				CLANG_WARN_OBJC_ROOT_CLASS = YES_ERROR;
				CLANG_WARN_QUOTED_INCLUDE_IN_FRAMEWORK_HEADER = YES;
				CLANG_WARN_RANGE_LOOP_ANALYSIS = YES;
				CLANG_WARN_STRICT_PROTOTYPES = YES;
				CLANG_WARN_SUSPICIOUS_MOVE = YES;
				CLANG_WARN_UNGUARDED_AVAILABILITY = YES_AGGRESSIVE;
				CLANG_WARN_UNREACHABLE_CODE = YES;
				CLANG_WARN__DUPLICATE_METHOD_MATCH = YES;
				COPY_PHASE_STRIP = NO;
				DEBUG_INFORMATION_FORMAT = dwarf;
				ENABLE_STRICT_OBJC_MSGSEND = YES;
				ENABLE_TESTABILITY = YES;
				GCC_C_LANGUAGE_STANDARD = gnu11;
				GCC_DYNAMIC_NO_PIC = NO;
				GCC_NO_COMMON_BLOCKS = YES;
				GCC_OPTIMIZATION_LEVEL = 0;
				GCC_PREPROCESSOR_DEFINITIONS = (
					"DEBUG=1",
					"$(inherited)",
				);
				GCC_WARN_64_TO_32_BIT_CONVERSION = YES;
				GCC_WARN_ABOUT_RETURN_TYPE = YES_ERROR;
				GCC_WARN_UNDECLARED_SELECTOR = YES;
				GCC_WARN_UNINITIALIZED_AUTOS = YES_AGGRESSIVE;
				GCC_WARN_UNUSED_FUNCTION = YES;
				GCC_WARN_UNUSED_VARIABLE = YES;
				INFOPLIST_FILE = "Water Reminder/Supporting Files/Info.plist";
				IPHONEOS_DEPLOYMENT_TARGET = 14.4;
				MTL_ENABLE_DEBUG_INFO = INCLUDE_SOURCE;
				MTL_FAST_MATH = YES;
				ONLY_ACTIVE_ARCH = YES;
				SDKROOT = iphoneos;
				SWIFT_ACTIVE_COMPILATION_CONDITIONS = DEBUG;
				SWIFT_OPTIMIZATION_LEVEL = "-Onone";
			};
			name = Debug;
		};
		CAD71A6125F2B35D0041733A /* Release */ = {
			isa = XCBuildConfiguration;
			buildSettings = {
				ALWAYS_SEARCH_USER_PATHS = NO;
				CLANG_ANALYZER_NONNULL = YES;
				CLANG_ANALYZER_NUMBER_OBJECT_CONVERSION = YES_AGGRESSIVE;
				CLANG_CXX_LANGUAGE_STANDARD = "gnu++14";
				CLANG_CXX_LIBRARY = "libc++";
				CLANG_ENABLE_MODULES = YES;
				CLANG_ENABLE_OBJC_ARC = YES;
				CLANG_ENABLE_OBJC_WEAK = YES;
				CLANG_WARN_BLOCK_CAPTURE_AUTORELEASING = YES;
				CLANG_WARN_BOOL_CONVERSION = YES;
				CLANG_WARN_COMMA = YES;
				CLANG_WARN_CONSTANT_CONVERSION = YES;
				CLANG_WARN_DEPRECATED_OBJC_IMPLEMENTATIONS = YES;
				CLANG_WARN_DIRECT_OBJC_ISA_USAGE = YES_ERROR;
				CLANG_WARN_DOCUMENTATION_COMMENTS = YES;
				CLANG_WARN_EMPTY_BODY = YES;
				CLANG_WARN_ENUM_CONVERSION = YES;
				CLANG_WARN_INFINITE_RECURSION = YES;
				CLANG_WARN_INT_CONVERSION = YES;
				CLANG_WARN_NON_LITERAL_NULL_CONVERSION = YES;
				CLANG_WARN_OBJC_IMPLICIT_RETAIN_SELF = YES;
				CLANG_WARN_OBJC_LITERAL_CONVERSION = YES;
				CLANG_WARN_OBJC_ROOT_CLASS = YES_ERROR;
				CLANG_WARN_QUOTED_INCLUDE_IN_FRAMEWORK_HEADER = YES;
				CLANG_WARN_RANGE_LOOP_ANALYSIS = YES;
				CLANG_WARN_STRICT_PROTOTYPES = YES;
				CLANG_WARN_SUSPICIOUS_MOVE = YES;
				CLANG_WARN_UNGUARDED_AVAILABILITY = YES_AGGRESSIVE;
				CLANG_WARN_UNREACHABLE_CODE = YES;
				CLANG_WARN__DUPLICATE_METHOD_MATCH = YES;
				COPY_PHASE_STRIP = NO;
				DEBUG_INFORMATION_FORMAT = "dwarf-with-dsym";
				ENABLE_NS_ASSERTIONS = NO;
				ENABLE_STRICT_OBJC_MSGSEND = YES;
				GCC_C_LANGUAGE_STANDARD = gnu11;
				GCC_NO_COMMON_BLOCKS = YES;
				GCC_WARN_64_TO_32_BIT_CONVERSION = YES;
				GCC_WARN_ABOUT_RETURN_TYPE = YES_ERROR;
				GCC_WARN_UNDECLARED_SELECTOR = YES;
				GCC_WARN_UNINITIALIZED_AUTOS = YES_AGGRESSIVE;
				GCC_WARN_UNUSED_FUNCTION = YES;
				GCC_WARN_UNUSED_VARIABLE = YES;
				INFOPLIST_FILE = "Water Reminder/Supporting Files/Info.plist";
				IPHONEOS_DEPLOYMENT_TARGET = 14.4;
				MTL_ENABLE_DEBUG_INFO = NO;
				MTL_FAST_MATH = YES;
				SDKROOT = iphoneos;
				SWIFT_COMPILATION_MODE = wholemodule;
				SWIFT_OPTIMIZATION_LEVEL = "-O";
				VALIDATE_PRODUCT = YES;
			};
			name = Release;
		};
		CAD71A6325F2B35D0041733A /* Debug */ = {
			isa = XCBuildConfiguration;
			baseConfigurationReference = 116758173D78C6EEC6947ECF /* Pods-Water Reminder.debug.xcconfig */;
			buildSettings = {
				ASSETCATALOG_COMPILER_APPICON_NAME = AppIcon;
				ASSETCATALOG_COMPILER_GLOBAL_ACCENT_COLOR_NAME = AccentColor;
				CODE_SIGN_STYLE = Automatic;
				DEVELOPMENT_ASSET_PATHS = "\"Water Reminder/Preview Content\"";
				DEVELOPMENT_TEAM = W82S8CAK69;
				ENABLE_PREVIEWS = YES;
				INFOPLIST_FILE = "Water Reminder/Supporting Files/Info.plist";
				IPHONEOS_DEPLOYMENT_TARGET = 14.4;
				LD_RUNPATH_SEARCH_PATHS = (
					"$(inherited)",
					"@executable_path/Frameworks",
				);
				PRODUCT_BUNDLE_IDENTIFIER = "mqz.Water-Reminder";
				PRODUCT_NAME = "$(TARGET_NAME)";
				SWIFT_VERSION = 5.0;
				TARGETED_DEVICE_FAMILY = "1,2";
			};
			name = Debug;
		};
		CAD71A6425F2B35D0041733A /* Release */ = {
			isa = XCBuildConfiguration;
			baseConfigurationReference = BCE85689672B49F0FBF5E8F4 /* Pods-Water Reminder.release.xcconfig */;
			buildSettings = {
				ASSETCATALOG_COMPILER_APPICON_NAME = AppIcon;
				ASSETCATALOG_COMPILER_GLOBAL_ACCENT_COLOR_NAME = AccentColor;
				CODE_SIGN_STYLE = Automatic;
				DEVELOPMENT_ASSET_PATHS = "\"Water Reminder/Preview Content\"";
				DEVELOPMENT_TEAM = W82S8CAK69;
				ENABLE_PREVIEWS = YES;
				INFOPLIST_FILE = "Water Reminder/Supporting Files/Info.plist";
				IPHONEOS_DEPLOYMENT_TARGET = 14.4;
				LD_RUNPATH_SEARCH_PATHS = (
					"$(inherited)",
					"@executable_path/Frameworks",
				);
				PRODUCT_BUNDLE_IDENTIFIER = "mqz.Water-Reminder";
				PRODUCT_NAME = "$(TARGET_NAME)";
				SWIFT_VERSION = 5.0;
				TARGETED_DEVICE_FAMILY = "1,2";
			};
			name = Release;
		};
		CAD71A6625F2B35D0041733A /* Debug */ = {
			isa = XCBuildConfiguration;
			baseConfigurationReference = 80D961921C0C22530FCC551C /* Pods-Water ReminderTests.debug.xcconfig */;
			buildSettings = {
				ALWAYS_EMBED_SWIFT_STANDARD_LIBRARIES = YES;
				BUNDLE_LOADER = "$(TEST_HOST)";
				CODE_SIGN_STYLE = Automatic;
				DEVELOPMENT_TEAM = W82S8CAK69;
				INFOPLIST_FILE = "Water ReminderTests/Info.plist";
				IPHONEOS_DEPLOYMENT_TARGET = 14.0;
				LD_RUNPATH_SEARCH_PATHS = (
					"$(inherited)",
					"@executable_path/Frameworks",
					"@loader_path/Frameworks",
				);
				PRODUCT_BUNDLE_IDENTIFIER = "muqi.Water-ReminderTests";
				PRODUCT_NAME = "$(TARGET_NAME)";
				SWIFT_VERSION = 5.0;
				TARGETED_DEVICE_FAMILY = "1,2";
				TEST_HOST = "$(BUILT_PRODUCTS_DIR)/Water Reminder.app/Water Reminder";
			};
			name = Debug;
		};
		CAD71A6725F2B35D0041733A /* Release */ = {
			isa = XCBuildConfiguration;
			baseConfigurationReference = E8264384A2FAE43F452B2DD9 /* Pods-Water ReminderTests.release.xcconfig */;
			buildSettings = {
				ALWAYS_EMBED_SWIFT_STANDARD_LIBRARIES = YES;
				BUNDLE_LOADER = "$(TEST_HOST)";
				CODE_SIGN_STYLE = Automatic;
				DEVELOPMENT_TEAM = W82S8CAK69;
				INFOPLIST_FILE = "Water ReminderTests/Info.plist";
				IPHONEOS_DEPLOYMENT_TARGET = 14.0;
				LD_RUNPATH_SEARCH_PATHS = (
					"$(inherited)",
					"@executable_path/Frameworks",
					"@loader_path/Frameworks",
				);
				PRODUCT_BUNDLE_IDENTIFIER = "muqi.Water-ReminderTests";
				PRODUCT_NAME = "$(TARGET_NAME)";
				SWIFT_VERSION = 5.0;
				TARGETED_DEVICE_FAMILY = "1,2";
				TEST_HOST = "$(BUILT_PRODUCTS_DIR)/Water Reminder.app/Water Reminder";
			};
			name = Release;
		};
		CAD71A6925F2B35D0041733A /* Debug */ = {
			isa = XCBuildConfiguration;
			baseConfigurationReference = F715AD696D28FB110FCAD1BD /* Pods-Water Reminder-Water ReminderUITests.debug.xcconfig */;
			buildSettings = {
				ALWAYS_EMBED_SWIFT_STANDARD_LIBRARIES = YES;
				CODE_SIGN_STYLE = Automatic;
				DEVELOPMENT_TEAM = W82S8CAK69;
				INFOPLIST_FILE = "Water ReminderUITests/Info.plist";
				LD_RUNPATH_SEARCH_PATHS = (
					"$(inherited)",
					"@executable_path/Frameworks",
					"@loader_path/Frameworks",
				);
				PRODUCT_BUNDLE_IDENTIFIER = "muqi.Water-ReminderUITests";
				PRODUCT_NAME = "$(TARGET_NAME)";
				SWIFT_VERSION = 5.0;
				TARGETED_DEVICE_FAMILY = "1,2";
				TEST_TARGET_NAME = "Water Reminder";
			};
			name = Debug;
		};
		CAD71A6A25F2B35D0041733A /* Release */ = {
			isa = XCBuildConfiguration;
			baseConfigurationReference = F34DB8B671D95B435816419D /* Pods-Water Reminder-Water ReminderUITests.release.xcconfig */;
			buildSettings = {
				ALWAYS_EMBED_SWIFT_STANDARD_LIBRARIES = YES;
				CODE_SIGN_STYLE = Automatic;
				DEVELOPMENT_TEAM = W82S8CAK69;
				INFOPLIST_FILE = "Water ReminderUITests/Info.plist";
				LD_RUNPATH_SEARCH_PATHS = (
					"$(inherited)",
					"@executable_path/Frameworks",
					"@loader_path/Frameworks",
				);
				PRODUCT_BUNDLE_IDENTIFIER = "muqi.Water-ReminderUITests";
				PRODUCT_NAME = "$(TARGET_NAME)";
				SWIFT_VERSION = 5.0;
				TARGETED_DEVICE_FAMILY = "1,2";
				TEST_TARGET_NAME = "Water Reminder";
			};
			name = Release;
		};
/* End XCBuildConfiguration section */

/* Begin XCConfigurationList section */
		CAD71A3825F2B35A0041733A /* Build configuration list for PBXProject "Water Reminder" */ = {
			isa = XCConfigurationList;
			buildConfigurations = (
				CAD71A6025F2B35D0041733A /* Debug */,
				CAD71A6125F2B35D0041733A /* Release */,
			);
			defaultConfigurationIsVisible = 0;
			defaultConfigurationName = Release;
		};
		CAD71A6225F2B35D0041733A /* Build configuration list for PBXNativeTarget "Water Reminder" */ = {
			isa = XCConfigurationList;
			buildConfigurations = (
				CAD71A6325F2B35D0041733A /* Debug */,
				CAD71A6425F2B35D0041733A /* Release */,
			);
			defaultConfigurationIsVisible = 0;
			defaultConfigurationName = Release;
		};
		CAD71A6525F2B35D0041733A /* Build configuration list for PBXNativeTarget "Water ReminderTests" */ = {
			isa = XCConfigurationList;
			buildConfigurations = (
				CAD71A6625F2B35D0041733A /* Debug */,
				CAD71A6725F2B35D0041733A /* Release */,
			);
			defaultConfigurationIsVisible = 0;
			defaultConfigurationName = Release;
		};
		CAD71A6825F2B35D0041733A /* Build configuration list for PBXNativeTarget "Water ReminderUITests" */ = {
			isa = XCConfigurationList;
			buildConfigurations = (
				CAD71A6925F2B35D0041733A /* Debug */,
				CAD71A6A25F2B35D0041733A /* Release */,
			);
			defaultConfigurationIsVisible = 0;
			defaultConfigurationName = Release;
		};
/* End XCConfigurationList section */
	};
	rootObject = CAD71A3525F2B35A0041733A /* Project object */;
}
