// !$*UTF8*$!
{
	archiveVersion = 1;
	classes = {
	};
	objectVersion = 50;
	objects = {

/* Begin PBXBuildFile section */
		CA04B4F925F3A7A600F64F6D /* MainView.swift in Sources */ = {isa = PBXBuildFile; fileRef = CA04B4F825F3A7A600F64F6D /* MainView.swift */; };
		CA22604225F3E93600EB4E32 /* MenuSectionsData.swift in Sources */ = {isa = PBXBuildFile; fileRef = CA22604125F3E93600EB4E32 /* MenuSectionsData.swift */; };
		CA22605625F3F3CB00EB4E32 /* SectionView.swift in Sources */ = {isa = PBXBuildFile; fileRef = CA22605525F3F3CB00EB4E32 /* SectionView.swift */; };
		CA22605E25F3F56100EB4E32 /* MenuView.swift in Sources */ = {isa = PBXBuildFile; fileRef = CA22605D25F3F56100EB4E32 /* MenuView.swift */; };
		CA22607025F3FCAC00EB4E32 /* WiderDivisorHorizontal.swift in Sources */ = {isa = PBXBuildFile; fileRef = CA22606F25F3FCAC00EB4E32 /* WiderDivisorHorizontal.swift */; };
		CA22607B25F40DDF00EB4E32 /* WiderDivisorVertical.swift in Sources */ = {isa = PBXBuildFile; fileRef = CA22607A25F40DDF00EB4E32 /* WiderDivisorVertical.swift */; };
		CAD71A4125F2B35A0041733A /* Water_ReminderApp.swift in Sources */ = {isa = PBXBuildFile; fileRef = CAD71A4025F2B35A0041733A /* Water_ReminderApp.swift */; };
		CAD71A4325F2B35A0041733A /* ContentView.swift in Sources */ = {isa = PBXBuildFile; fileRef = CAD71A4225F2B35A0041733A /* ContentView.swift */; };
		CAD71A4525F2B35C0041733A /* Assets.xcassets in Resources */ = {isa = PBXBuildFile; fileRef = CAD71A4425F2B35C0041733A /* Assets.xcassets */; };
		CAD71A4825F2B35C0041733A /* Preview Assets.xcassets in Resources */ = {isa = PBXBuildFile; fileRef = CAD71A4725F2B35C0041733A /* Preview Assets.xcassets */; };
		CAD71A5325F2B35D0041733A /* Water_ReminderTests.swift in Sources */ = {isa = PBXBuildFile; fileRef = CAD71A5225F2B35D0041733A /* Water_ReminderTests.swift */; };
		CAD71A5E25F2B35D0041733A /* Water_ReminderUITests.swift in Sources */ = {isa = PBXBuildFile; fileRef = CAD71A5D25F2B35D0041733A /* Water_ReminderUITests.swift */; };
		CAD71A7525F2C9130041733A /* ImageView.swift in Sources */ = {isa = PBXBuildFile; fileRef = CAD71A7425F2C9130041733A /* ImageView.swift */; };
/* End PBXBuildFile section */

/* Begin PBXContainerItemProxy section */
		CAD71A4F25F2B35D0041733A /* PBXContainerItemProxy */ = {
			isa = PBXContainerItemProxy;
			containerPortal = CAD71A3525F2B35A0041733A /* Project object */;
			proxyType = 1;
			remoteGlobalIDString = CAD71A3C25F2B35A0041733A;
			remoteInfo = "Water Reminder";
		};
		CAD71A5A25F2B35D0041733A /* PBXContainerItemProxy */ = {
			isa = PBXContainerItemProxy;
			containerPortal = CAD71A3525F2B35A0041733A /* Project object */;
			proxyType = 1;
			remoteGlobalIDString = CAD71A3C25F2B35A0041733A;
			remoteInfo = "Water Reminder";
		};
/* End PBXContainerItemProxy section */

/* Begin PBXFileReference section */
		CA04B4F825F3A7A600F64F6D /* MainView.swift */ = {isa = PBXFileReference; lastKnownFileType = sourcecode.swift; path = MainView.swift; sourceTree = "<group>"; };
		CA22604125F3E93600EB4E32 /* MenuSectionsData.swift */ = {isa = PBXFileReference; lastKnownFileType = sourcecode.swift; path = MenuSectionsData.swift; sourceTree = "<group>"; };
		CA22605525F3F3CB00EB4E32 /* SectionView.swift */ = {isa = PBXFileReference; lastKnownFileType = sourcecode.swift; path = SectionView.swift; sourceTree = "<group>"; };
		CA22605D25F3F56100EB4E32 /* MenuView.swift */ = {isa = PBXFileReference; lastKnownFileType = sourcecode.swift; path = MenuView.swift; sourceTree = "<group>"; };
		CA22606F25F3FCAC00EB4E32 /* WiderDivisorHorizontal.swift */ = {isa = PBXFileReference; lastKnownFileType = sourcecode.swift; path = WiderDivisorHorizontal.swift; sourceTree = "<group>"; };
		CA22607A25F40DDF00EB4E32 /* WiderDivisorVertical.swift */ = {isa = PBXFileReference; lastKnownFileType = sourcecode.swift; path = WiderDivisorVertical.swift; sourceTree = "<group>"; };
		CAD71A3D25F2B35A0041733A /* Water Reminder.app */ = {isa = PBXFileReference; explicitFileType = wrapper.application; includeInIndex = 0; path = "Water Reminder.app"; sourceTree = BUILT_PRODUCTS_DIR; };
		CAD71A4025F2B35A0041733A /* Water_ReminderApp.swift */ = {isa = PBXFileReference; lastKnownFileType = sourcecode.swift; path = Water_ReminderApp.swift; sourceTree = "<group>"; };
		CAD71A4225F2B35A0041733A /* ContentView.swift */ = {isa = PBXFileReference; lastKnownFileType = sourcecode.swift; path = ContentView.swift; sourceTree = "<group>"; };
		CAD71A4425F2B35C0041733A /* Assets.xcassets */ = {isa = PBXFileReference; lastKnownFileType = folder.assetcatalog; path = Assets.xcassets; sourceTree = "<group>"; };
		CAD71A4725F2B35C0041733A /* Preview Assets.xcassets */ = {isa = PBXFileReference; lastKnownFileType = folder.assetcatalog; path = "Preview Assets.xcassets"; sourceTree = "<group>"; };
		CAD71A4925F2B35C0041733A /* Info.plist */ = {isa = PBXFileReference; lastKnownFileType = text.plist.xml; path = Info.plist; sourceTree = "<group>"; };
		CAD71A4E25F2B35D0041733A /* Water ReminderTests.xctest */ = {isa = PBXFileReference; explicitFileType = wrapper.cfbundle; includeInIndex = 0; path = "Water ReminderTests.xctest"; sourceTree = BUILT_PRODUCTS_DIR; };
		CAD71A5225F2B35D0041733A /* Water_ReminderTests.swift */ = {isa = PBXFileReference; lastKnownFileType = sourcecode.swift; path = Water_ReminderTests.swift; sourceTree = "<group>"; };
		CAD71A5425F2B35D0041733A /* Info.plist */ = {isa = PBXFileReference; lastKnownFileType = text.plist.xml; path = Info.plist; sourceTree = "<group>"; };
		CAD71A5925F2B35D0041733A /* Water ReminderUITests.xctest */ = {isa = PBXFileReference; explicitFileType = wrapper.cfbundle; includeInIndex = 0; path = "Water ReminderUITests.xctest"; sourceTree = BUILT_PRODUCTS_DIR; };
		CAD71A5D25F2B35D0041733A /* Water_ReminderUITests.swift */ = {isa = PBXFileReference; lastKnownFileType = sourcecode.swift; path = Water_ReminderUITests.swift; sourceTree = "<group>"; };
		CAD71A5F25F2B35D0041733A /* Info.plist */ = {isa = PBXFileReference; lastKnownFileType = text.plist.xml; path = Info.plist; sourceTree = "<group>"; };
		CAD71A7425F2C9130041733A /* ImageView.swift */ = {isa = PBXFileReference; lastKnownFileType = sourcecode.swift; path = ImageView.swift; sourceTree = "<group>"; usesTabs = 0; };
/* End PBXFileReference section */

/* Begin PBXFrameworksBuildPhase section */
		CAD71A3A25F2B35A0041733A /* Frameworks */ = {
			isa = PBXFrameworksBuildPhase;
			buildActionMask = 2147483647;
			files = (
			);
			runOnlyForDeploymentPostprocessing = 0;
		};
		CAD71A4B25F2B35D0041733A /* Frameworks */ = {
			isa = PBXFrameworksBuildPhase;
			buildActionMask = 2147483647;
			files = (
			);
			runOnlyForDeploymentPostprocessing = 0;
		};
		CAD71A5625F2B35D0041733A /* Frameworks */ = {
			isa = PBXFrameworksBuildPhase;
			buildActionMask = 2147483647;
			files = (
			);
			runOnlyForDeploymentPostprocessing = 0;
		};
/* End PBXFrameworksBuildPhase section */

/* Begin PBXGroup section */
		CAD71A3425F2B35A0041733A = {
			isa = PBXGroup;
			children = (
				CAF37BF825F3B38400FD5060 /* Data */,
				CAD71A3F25F2B35A0041733A /* Water Reminder */,
				CAD71A5125F2B35D0041733A /* Water ReminderTests */,
				CAD71A5C25F2B35D0041733A /* Water ReminderUITests */,
				CAD71A3E25F2B35A0041733A /* Products */,
			);
			sourceTree = "<group>";
		};
		CAD71A3E25F2B35A0041733A /* Products */ = {
			isa = PBXGroup;
			children = (
				CAD71A3D25F2B35A0041733A /* Water Reminder.app */,
				CAD71A4E25F2B35D0041733A /* Water ReminderTests.xctest */,
				CAD71A5925F2B35D0041733A /* Water ReminderUITests.xctest */,
			);
			name = Products;
			sourceTree = "<group>";
		};
		CAD71A3F25F2B35A0041733A /* Water Reminder */ = {
			isa = PBXGroup;
			children = (
				CAD71A4025F2B35A0041733A /* Water_ReminderApp.swift */,
				CA04B4F825F3A7A600F64F6D /* MainView.swift */,
				CAD71A4225F2B35A0041733A /* ContentView.swift */,
				CAD71A7425F2C9130041733A /* ImageView.swift */,
				CA22605525F3F3CB00EB4E32 /* SectionView.swift */,
				CA22605D25F3F56100EB4E32 /* MenuView.swift */,
				CAD71A4425F2B35C0041733A /* Assets.xcassets */,
				CAD71A4925F2B35C0041733A /* Info.plist */,
				CAD71A4625F2B35C0041733A /* Preview Content */,
			);
			path = "Water Reminder";
			sourceTree = "<group>";
		};
		CAD71A4625F2B35C0041733A /* Preview Content */ = {
			isa = PBXGroup;
			children = (
				CAD71A4725F2B35C0041733A /* Preview Assets.xcassets */,
			);
			path = "Preview Content";
			sourceTree = "<group>";
		};
		CAD71A5125F2B35D0041733A /* Water ReminderTests */ = {
			isa = PBXGroup;
			children = (
				CAD71A5225F2B35D0041733A /* Water_ReminderTests.swift */,
				CAD71A5425F2B35D0041733A /* Info.plist */,
			);
			path = "Water ReminderTests";
			sourceTree = "<group>";
		};
		CAD71A5C25F2B35D0041733A /* Water ReminderUITests */ = {
			isa = PBXGroup;
			children = (
				CAD71A5D25F2B35D0041733A /* Water_ReminderUITests.swift */,
				CAD71A5F25F2B35D0041733A /* Info.plist */,
			);
			path = "Water ReminderUITests";
			sourceTree = "<group>";
		};
		CAF37BF825F3B38400FD5060 /* Data */ = {
			isa = PBXGroup;
			children = (
				CA22604125F3E93600EB4E32 /* MenuSectionsData.swift */,
				CA22606F25F3FCAC00EB4E32 /* WiderDivisorHorizontal.swift */,
				CA22607A25F40DDF00EB4E32 /* WiderDivisorVertical.swift */,
			);
			path = Data;
			sourceTree = "<group>";
		};
/* End PBXGroup section */

/* Begin PBXNativeTarget section */
		CAD71A3C25F2B35A0041733A /* Water Reminder */ = {
			isa = PBXNativeTarget;
			buildConfigurationList = CAD71A6225F2B35D0041733A /* Build configuration list for PBXNativeTarget "Water Reminder" */;
			buildPhases = (
				CAD71A3925F2B35A0041733A /* Sources */,
				CAD71A3A25F2B35A0041733A /* Frameworks */,
				CAD71A3B25F2B35A0041733A /* Resources */,
			);
			buildRules = (
			);
			dependencies = (
			);
			name = "Water Reminder";
			productName = "Water Reminder";
			productReference = CAD71A3D25F2B35A0041733A /* Water Reminder.app */;
			productType = "com.apple.product-type.application";
		};
		CAD71A4D25F2B35D0041733A /* Water ReminderTests */ = {
			isa = PBXNativeTarget;
			buildConfigurationList = CAD71A6525F2B35D0041733A /* Build configuration list for PBXNativeTarget "Water ReminderTests" */;
			buildPhases = (
				CAD71A4A25F2B35D0041733A /* Sources */,
				CAD71A4B25F2B35D0041733A /* Frameworks */,
				CAD71A4C25F2B35D0041733A /* Resources */,
			);
			buildRules = (
			);
			dependencies = (
				CAD71A5025F2B35D0041733A /* PBXTargetDependency */,
			);
			name = "Water ReminderTests";
			productName = "Water ReminderTests";
			productReference = CAD71A4E25F2B35D0041733A /* Water ReminderTests.xctest */;
			productType = "com.apple.product-type.bundle.unit-test";
		};
		CAD71A5825F2B35D0041733A /* Water ReminderUITests */ = {
			isa = PBXNativeTarget;
			buildConfigurationList = CAD71A6825F2B35D0041733A /* Build configuration list for PBXNativeTarget "Water ReminderUITests" */;
			buildPhases = (
				CAD71A5525F2B35D0041733A /* Sources */,
				CAD71A5625F2B35D0041733A /* Frameworks */,
				CAD71A5725F2B35D0041733A /* Resources */,
			);
			buildRules = (
			);
			dependencies = (
				CAD71A5B25F2B35D0041733A /* PBXTargetDependency */,
			);
			name = "Water ReminderUITests";
			productName = "Water ReminderUITests";
			productReference = CAD71A5925F2B35D0041733A /* Water ReminderUITests.xctest */;
			productType = "com.apple.product-type.bundle.ui-testing";
		};
/* End PBXNativeTarget section */

/* Begin PBXProject section */
		CAD71A3525F2B35A0041733A /* Project object */ = {
			isa = PBXProject;
			attributes = {
				LastSwiftUpdateCheck = 1230;
				LastUpgradeCheck = 1230;
				TargetAttributes = {
					CAD71A3C25F2B35A0041733A = {
						CreatedOnToolsVersion = 12.3;
					};
					CAD71A4D25F2B35D0041733A = {
						CreatedOnToolsVersion = 12.3;
						TestTargetID = CAD71A3C25F2B35A0041733A;
					};
					CAD71A5825F2B35D0041733A = {
						CreatedOnToolsVersion = 12.3;
						TestTargetID = CAD71A3C25F2B35A0041733A;
					};
				};
			};
			buildConfigurationList = CAD71A3825F2B35A0041733A /* Build configuration list for PBXProject "Water Reminder" */;
			compatibilityVersion = "Xcode 9.3";
			developmentRegion = en;
			hasScannedForEncodings = 0;
			knownRegions = (
				en,
				Base,
			);
			mainGroup = CAD71A3425F2B35A0041733A;
			productRefGroup = CAD71A3E25F2B35A0041733A /* Products */;
			projectDirPath = "";
			projectRoot = "";
			targets = (
				CAD71A3C25F2B35A0041733A /* Water Reminder */,
				CAD71A4D25F2B35D0041733A /* Water ReminderTests */,
				CAD71A5825F2B35D0041733A /* Water ReminderUITests */,
			);
		};
/* End PBXProject section */

/* Begin PBXResourcesBuildPhase section */
		CAD71A3B25F2B35A0041733A /* Resources */ = {
			isa = PBXResourcesBuildPhase;
			buildActionMask = 2147483647;
			files = (
				CAD71A4825F2B35C0041733A /* Preview Assets.xcassets in Resources */,
				CAD71A4525F2B35C0041733A /* Assets.xcassets in Resources */,
			);
			runOnlyForDeploymentPostprocessing = 0;
		};
		CAD71A4C25F2B35D0041733A /* Resources */ = {
			isa = PBXResourcesBuildPhase;
			buildActionMask = 2147483647;
			files = (
			);
			runOnlyForDeploymentPostprocessing = 0;
		};
		CAD71A5725F2B35D0041733A /* Resources */ = {
			isa = PBXResourcesBuildPhase;
			buildActionMask = 2147483647;
			files = (
			);
			runOnlyForDeploymentPostprocessing = 0;
		};
/* End PBXResourcesBuildPhase section */

/* Begin PBXSourcesBuildPhase section */
		CAD71A3925F2B35A0041733A /* Sources */ = {
			isa = PBXSourcesBuildPhase;
			buildActionMask = 2147483647;
			files = (
				CA22605E25F3F56100EB4E32 /* MenuView.swift in Sources */,
				CAD71A7525F2C9130041733A /* ImageView.swift in Sources */,
				CA22607B25F40DDF00EB4E32 /* WiderDivisorVertical.swift in Sources */,
				CA22604225F3E93600EB4E32 /* MenuSectionsData.swift in Sources */,
				CA22605625F3F3CB00EB4E32 /* SectionView.swift in Sources */,
				CA22607025F3FCAC00EB4E32 /* WiderDivisorHorizontal.swift in Sources */,
				CA04B4F925F3A7A600F64F6D /* MainView.swift in Sources */,
				CAD71A4325F2B35A0041733A /* ContentView.swift in Sources */,
				CAD71A4125F2B35A0041733A /* Water_ReminderApp.swift in Sources */,
			);
			runOnlyForDeploymentPostprocessing = 0;
		};
		CAD71A4A25F2B35D0041733A /* Sources */ = {
			isa = PBXSourcesBuildPhase;
			buildActionMask = 2147483647;
			files = (
				CAD71A5325F2B35D0041733A /* Water_ReminderTests.swift in Sources */,
			);
			runOnlyForDeploymentPostprocessing = 0;
		};
		CAD71A5525F2B35D0041733A /* Sources */ = {
			isa = PBXSourcesBuildPhase;
			buildActionMask = 2147483647;
			files = (
				CAD71A5E25F2B35D0041733A /* Water_ReminderUITests.swift in Sources */,
			);
			runOnlyForDeploymentPostprocessing = 0;
		};
/* End PBXSourcesBuildPhase section */

/* Begin PBXTargetDependency section */
		CAD71A5025F2B35D0041733A /* PBXTargetDependency */ = {
			isa = PBXTargetDependency;
			target = CAD71A3C25F2B35A0041733A /* Water Reminder */;
			targetProxy = CAD71A4F25F2B35D0041733A /* PBXContainerItemProxy */;
		};
		CAD71A5B25F2B35D0041733A /* PBXTargetDependency */ = {
			isa = PBXTargetDependency;
			target = CAD71A3C25F2B35A0041733A /* Water Reminder */;
			targetProxy = CAD71A5A25F2B35D0041733A /* PBXContainerItemProxy */;
		};
/* End PBXTargetDependency section */

/* Begin XCBuildConfiguration section */
		CAD71A6025F2B35D0041733A /* Debug */ = {
			isa = XCBuildConfiguration;
			buildSettings = {
				ALWAYS_SEARCH_USER_PATHS = NO;
				CLANG_ANALYZER_NONNULL = YES;
				CLANG_ANALYZER_NUMBER_OBJECT_CONVERSION = YES_AGGRESSIVE;
				CLANG_CXX_LANGUAGE_STANDARD = "gnu++14";
				CLANG_CXX_LIBRARY = "libc++";
				CLANG_ENABLE_MODULES = YES;
				CLANG_ENABLE_OBJC_ARC = YES;
				CLANG_ENABLE_OBJC_WEAK = YES;
				CLANG_WARN_BLOCK_CAPTURE_AUTORELEASING = YES;
				CLANG_WARN_BOOL_CONVERSION = YES;
				CLANG_WARN_COMMA = YES;
				CLANG_WARN_CONSTANT_CONVERSION = YES;
				CLANG_WARN_DEPRECATED_OBJC_IMPLEMENTATIONS = YES;
				CLANG_WARN_DIRECT_OBJC_ISA_USAGE = YES_ERROR;
				CLANG_WARN_DOCUMENTATION_COMMENTS = YES;
				CLANG_WARN_EMPTY_BODY = YES;
				CLANG_WARN_ENUM_CONVERSION = YES;
				CLANG_WARN_INFINITE_RECURSION = YES;
				CLANG_WARN_INT_CONVERSION = YES;
				CLANG_WARN_NON_LITERAL_NULL_CONVERSION = YES;
				CLANG_WARN_OBJC_IMPLICIT_RETAIN_SELF = YES;
				CLANG_WARN_OBJC_LITERAL_CONVERSION = YES;
				CLANG_WARN_OBJC_ROOT_CLASS = YES_ERROR;
				CLANG_WARN_QUOTED_INCLUDE_IN_FRAMEWORK_HEADER = YES;
				CLANG_WARN_RANGE_LOOP_ANALYSIS = YES;
				CLANG_WARN_STRICT_PROTOTYPES = YES;
				CLANG_WARN_SUSPICIOUS_MOVE = YES;
				CLANG_WARN_UNGUARDED_AVAILABILITY = YES_AGGRESSIVE;
				CLANG_WARN_UNREACHABLE_CODE = YES;
				CLANG_WARN__DUPLICATE_METHOD_MATCH = YES;
				COPY_PHASE_STRIP = NO;
				DEBUG_INFORMATION_FORMAT = dwarf;
				ENABLE_STRICT_OBJC_MSGSEND = YES;
				ENABLE_TESTABILITY = YES;
				GCC_C_LANGUAGE_STANDARD = gnu11;
				GCC_DYNAMIC_NO_PIC = NO;
				GCC_NO_COMMON_BLOCKS = YES;
				GCC_OPTIMIZATION_LEVEL = 0;
				GCC_PREPROCESSOR_DEFINITIONS = (
					"DEBUG=1",
					"$(inherited)",
				);
				GCC_WARN_64_TO_32_BIT_CONVERSION = YES;
				GCC_WARN_ABOUT_RETURN_TYPE = YES_ERROR;
				GCC_WARN_UNDECLARED_SELECTOR = YES;
				GCC_WARN_UNINITIALIZED_AUTOS = YES_AGGRESSIVE;
				GCC_WARN_UNUSED_FUNCTION = YES;
				GCC_WARN_UNUSED_VARIABLE = YES;
				IPHONEOS_DEPLOYMENT_TARGET = 14.3;
				MTL_ENABLE_DEBUG_INFO = INCLUDE_SOURCE;
				MTL_FAST_MATH = YES;
				ONLY_ACTIVE_ARCH = YES;
				SDKROOT = iphoneos;
				SWIFT_ACTIVE_COMPILATION_CONDITIONS = DEBUG;
				SWIFT_OPTIMIZATION_LEVEL = "-Onone";
			};
			name = Debug;
		};
		CAD71A6125F2B35D0041733A /* Release */ = {
			isa = XCBuildConfiguration;
			buildSettings = {
				ALWAYS_SEARCH_USER_PATHS = NO;
				CLANG_ANALYZER_NONNULL = YES;
				CLANG_ANALYZER_NUMBER_OBJECT_CONVERSION = YES_AGGRESSIVE;
				CLANG_CXX_LANGUAGE_STANDARD = "gnu++14";
				CLANG_CXX_LIBRARY = "libc++";
				CLANG_ENABLE_MODULES = YES;
				CLANG_ENABLE_OBJC_ARC = YES;
				CLANG_ENABLE_OBJC_WEAK = YES;
				CLANG_WARN_BLOCK_CAPTURE_AUTORELEASING = YES;
				CLANG_WARN_BOOL_CONVERSION = YES;
				CLANG_WARN_COMMA = YES;
				CLANG_WARN_CONSTANT_CONVERSION = YES;
				CLANG_WARN_DEPRECATED_OBJC_IMPLEMENTATIONS = YES;
				CLANG_WARN_DIRECT_OBJC_ISA_USAGE = YES_ERROR;
				CLANG_WARN_DOCUMENTATION_COMMENTS = YES;
				CLANG_WARN_EMPTY_BODY = YES;
				CLANG_WARN_ENUM_CONVERSION = YES;
				CLANG_WARN_INFINITE_RECURSION = YES;
				CLANG_WARN_INT_CONVERSION = YES;
				CLANG_WARN_NON_LITERAL_NULL_CONVERSION = YES;
				CLANG_WARN_OBJC_IMPLICIT_RETAIN_SELF = YES;
				CLANG_WARN_OBJC_LITERAL_CONVERSION = YES;
				CLANG_WARN_OBJC_ROOT_CLASS = YES_ERROR;
				CLANG_WARN_QUOTED_INCLUDE_IN_FRAMEWORK_HEADER = YES;
				CLANG_WARN_RANGE_LOOP_ANALYSIS = YES;
				CLANG_WARN_STRICT_PROTOTYPES = YES;
				CLANG_WARN_SUSPICIOUS_MOVE = YES;
				CLANG_WARN_UNGUARDED_AVAILABILITY = YES_AGGRESSIVE;
				CLANG_WARN_UNREACHABLE_CODE = YES;
				CLANG_WARN__DUPLICATE_METHOD_MATCH = YES;
				COPY_PHASE_STRIP = NO;
				DEBUG_INFORMATION_FORMAT = "dwarf-with-dsym";
				ENABLE_NS_ASSERTIONS = NO;
				ENABLE_STRICT_OBJC_MSGSEND = YES;
				GCC_C_LANGUAGE_STANDARD = gnu11;
				GCC_NO_COMMON_BLOCKS = YES;
				GCC_WARN_64_TO_32_BIT_CONVERSION = YES;
				GCC_WARN_ABOUT_RETURN_TYPE = YES_ERROR;
				GCC_WARN_UNDECLARED_SELECTOR = YES;
				GCC_WARN_UNINITIALIZED_AUTOS = YES_AGGRESSIVE;
				GCC_WARN_UNUSED_FUNCTION = YES;
				GCC_WARN_UNUSED_VARIABLE = YES;
				IPHONEOS_DEPLOYMENT_TARGET = 14.3;
				MTL_ENABLE_DEBUG_INFO = NO;
				MTL_FAST_MATH = YES;
				SDKROOT = iphoneos;
				SWIFT_COMPILATION_MODE = wholemodule;
				SWIFT_OPTIMIZATION_LEVEL = "-O";
				VALIDATE_PRODUCT = YES;
			};
			name = Release;
		};
		CAD71A6325F2B35D0041733A /* Debug */ = {
			isa = XCBuildConfiguration;
			buildSettings = {
				ASSETCATALOG_COMPILER_APPICON_NAME = AppIcon;
				ASSETCATALOG_COMPILER_GLOBAL_ACCENT_COLOR_NAME = AccentColor;
				CODE_SIGN_STYLE = Automatic;
				DEVELOPMENT_ASSET_PATHS = "\"Water Reminder/Preview Content\"";
				DEVELOPMENT_TEAM = W82S8CAK69;
				ENABLE_PREVIEWS = YES;
				INFOPLIST_FILE = "Water Reminder/Info.plist";
				IPHONEOS_DEPLOYMENT_TARGET = 14.4;
				LD_RUNPATH_SEARCH_PATHS = (
					"$(inherited)",
					"@executable_path/Frameworks",
				);
				PRODUCT_BUNDLE_IDENTIFIER = "muqi.Water-Reminder";
				PRODUCT_NAME = "$(TARGET_NAME)";
				SWIFT_VERSION = 5.0;
				TARGETED_DEVICE_FAMILY = "1,2";
			};
			name = Debug;
		};
		CAD71A6425F2B35D0041733A /* Release */ = {
			isa = XCBuildConfiguration;
			buildSettings = {
				ASSETCATALOG_COMPILER_APPICON_NAME = AppIcon;
				ASSETCATALOG_COMPILER_GLOBAL_ACCENT_COLOR_NAME = AccentColor;
				CODE_SIGN_STYLE = Automatic;
				DEVELOPMENT_ASSET_PATHS = "\"Water Reminder/Preview Content\"";
				DEVELOPMENT_TEAM = W82S8CAK69;
				ENABLE_PREVIEWS = YES;
				INFOPLIST_FILE = "Water Reminder/Info.plist";
				IPHONEOS_DEPLOYMENT_TARGET = 14.4;
				LD_RUNPATH_SEARCH_PATHS = (
					"$(inherited)",
					"@executable_path/Frameworks",
				);
				PRODUCT_BUNDLE_IDENTIFIER = "muqi.Water-Reminder";
				PRODUCT_NAME = "$(TARGET_NAME)";
				SWIFT_VERSION = 5.0;
				TARGETED_DEVICE_FAMILY = "1,2";
			};
			name = Release;
		};
		CAD71A6625F2B35D0041733A /* Debug */ = {
			isa = XCBuildConfiguration;
			buildSettings = {
				ALWAYS_EMBED_SWIFT_STANDARD_LIBRARIES = YES;
				BUNDLE_LOADER = "$(TEST_HOST)";
				CODE_SIGN_STYLE = Automatic;
				DEVELOPMENT_TEAM = W82S8CAK69;
				INFOPLIST_FILE = "Water ReminderTests/Info.plist";
				IPHONEOS_DEPLOYMENT_TARGET = 14.0;
				LD_RUNPATH_SEARCH_PATHS = (
					"$(inherited)",
					"@executable_path/Frameworks",
					"@loader_path/Frameworks",
				);
				PRODUCT_BUNDLE_IDENTIFIER = "muqi.Water-ReminderTests";
				PRODUCT_NAME = "$(TARGET_NAME)";
				SWIFT_VERSION = 5.0;
				TARGETED_DEVICE_FAMILY = "1,2";
				TEST_HOST = "$(BUILT_PRODUCTS_DIR)/Water Reminder.app/Water Reminder";
			};
			name = Debug;
		};
		CAD71A6725F2B35D0041733A /* Release */ = {
			isa = XCBuildConfiguration;
			buildSettings = {
				ALWAYS_EMBED_SWIFT_STANDARD_LIBRARIES = YES;
				BUNDLE_LOADER = "$(TEST_HOST)";
				CODE_SIGN_STYLE = Automatic;
				DEVELOPMENT_TEAM = W82S8CAK69;
				INFOPLIST_FILE = "Water ReminderTests/Info.plist";
				IPHONEOS_DEPLOYMENT_TARGET = 14.0;
				LD_RUNPATH_SEARCH_PATHS = (
					"$(inherited)",
					"@executable_path/Frameworks",
					"@loader_path/Frameworks",
				);
				PRODUCT_BUNDLE_IDENTIFIER = "muqi.Water-ReminderTests";
				PRODUCT_NAME = "$(TARGET_NAME)";
				SWIFT_VERSION = 5.0;
				TARGETED_DEVICE_FAMILY = "1,2";
				TEST_HOST = "$(BUILT_PRODUCTS_DIR)/Water Reminder.app/Water Reminder";
			};
			name = Release;
		};
		CAD71A6925F2B35D0041733A /* Debug */ = {
			isa = XCBuildConfiguration;
			buildSettings = {
				ALWAYS_EMBED_SWIFT_STANDARD_LIBRARIES = YES;
				CODE_SIGN_STYLE = Automatic;
				DEVELOPMENT_TEAM = W82S8CAK69;
				INFOPLIST_FILE = "Water ReminderUITests/Info.plist";
				LD_RUNPATH_SEARCH_PATHS = (
					"$(inherited)",
					"@executable_path/Frameworks",
					"@loader_path/Frameworks",
				);
				PRODUCT_BUNDLE_IDENTIFIER = "muqi.Water-ReminderUITests";
				PRODUCT_NAME = "$(TARGET_NAME)";
				SWIFT_VERSION = 5.0;
				TARGETED_DEVICE_FAMILY = "1,2";
				TEST_TARGET_NAME = "Water Reminder";
			};
			name = Debug;
		};
		CAD71A6A25F2B35D0041733A /* Release */ = {
			isa = XCBuildConfiguration;
			buildSettings = {
				ALWAYS_EMBED_SWIFT_STANDARD_LIBRARIES = YES;
				CODE_SIGN_STYLE = Automatic;
				DEVELOPMENT_TEAM = W82S8CAK69;
				INFOPLIST_FILE = "Water ReminderUITests/Info.plist";
				LD_RUNPATH_SEARCH_PATHS = (
					"$(inherited)",
					"@executable_path/Frameworks",
					"@loader_path/Frameworks",
				);
				PRODUCT_BUNDLE_IDENTIFIER = "muqi.Water-ReminderUITests";
				PRODUCT_NAME = "$(TARGET_NAME)";
				SWIFT_VERSION = 5.0;
				TARGETED_DEVICE_FAMILY = "1,2";
				TEST_TARGET_NAME = "Water Reminder";
			};
			name = Release;
		};
/* End XCBuildConfiguration section */

/* Begin XCConfigurationList section */
		CAD71A3825F2B35A0041733A /* Build configuration list for PBXProject "Water Reminder" */ = {
			isa = XCConfigurationList;
			buildConfigurations = (
				CAD71A6025F2B35D0041733A /* Debug */,
				CAD71A6125F2B35D0041733A /* Release */,
			);
			defaultConfigurationIsVisible = 0;
			defaultConfigurationName = Release;
		};
		CAD71A6225F2B35D0041733A /* Build configuration list for PBXNativeTarget "Water Reminder" */ = {
			isa = XCConfigurationList;
			buildConfigurations = (
				CAD71A6325F2B35D0041733A /* Debug */,
				CAD71A6425F2B35D0041733A /* Release */,
			);
			defaultConfigurationIsVisible = 0;
			defaultConfigurationName = Release;
		};
		CAD71A6525F2B35D0041733A /* Build configuration list for PBXNativeTarget "Water ReminderTests" */ = {
			isa = XCConfigurationList;
			buildConfigurations = (
				CAD71A6625F2B35D0041733A /* Debug */,
				CAD71A6725F2B35D0041733A /* Release */,
			);
			defaultConfigurationIsVisible = 0;
			defaultConfigurationName = Release;
		};
		CAD71A6825F2B35D0041733A /* Build configuration list for PBXNativeTarget "Water ReminderUITests" */ = {
			isa = XCConfigurationList;
			buildConfigurations = (
				CAD71A6925F2B35D0041733A /* Debug */,
				CAD71A6A25F2B35D0041733A /* Release */,
			);
			defaultConfigurationIsVisible = 0;
			defaultConfigurationName = Release;
		};
/* End XCConfigurationList section */
	};
	rootObject = CAD71A3525F2B35A0041733A /* Project object */;
}
